// !$*UTF8*$!
{
	archiveVersion = 1;
	classes = {
	};
	objectVersion = 55;
	objects = {

/* Begin PBXBuildFile section */
		E71B7DE127F9D80B00896892 /* String+Additions.swift in Sources */ = {isa = PBXBuildFile; fileRef = E71B7DE027F9D80B00896892 /* String+Additions.swift */; };
		E74480AC27F78959009ECBEF /* SettingsViewModelTests.swift in Sources */ = {isa = PBXBuildFile; fileRef = E74480AB27F78959009ECBEF /* SettingsViewModelTests.swift */; };
		E74480AE27F78C76009ECBEF /* MainViewModelTests.swift in Sources */ = {isa = PBXBuildFile; fileRef = E74480AD27F78C76009ECBEF /* MainViewModelTests.swift */; };
		E74480B027F78E2E009ECBEF /* AppSettings.swift in Sources */ = {isa = PBXBuildFile; fileRef = E74480AF27F78E2E009ECBEF /* AppSettings.swift */; };
		E74480B227F78E5F009ECBEF /* AppSetingsTests.swift in Sources */ = {isa = PBXBuildFile; fileRef = E74480B127F78E5F009ECBEF /* AppSetingsTests.swift */; };
		E74480B427F796EB009ECBEF /* ScrambleProviderTests.swift in Sources */ = {isa = PBXBuildFile; fileRef = E74480B327F796EB009ECBEF /* ScrambleProviderTests.swift */; };
		E79D877A27F1C9F000C39780 /* MainModel.swift in Sources */ = {isa = PBXBuildFile; fileRef = E79D877927F1C9F000C39780 /* MainModel.swift */; };
		E79D878027F2F74000C39780 /* MainViewModel.swift in Sources */ = {isa = PBXBuildFile; fileRef = E79D877F27F2F74000C39780 /* MainViewModel.swift */; };
		E79D878227F2FC5000C39780 /* ResultsListViewModel.swift in Sources */ = {isa = PBXBuildFile; fileRef = E79D878127F2FC4F00C39780 /* ResultsListViewModel.swift */; };
		E79D878427F2FCC900C39780 /* TimeInterval+Additions.swift in Sources */ = {isa = PBXBuildFile; fileRef = E79D878327F2FCC900C39780 /* TimeInterval+Additions.swift */; };
		E79D878627F3AAC600C39780 /* ResultDetailView.swift in Sources */ = {isa = PBXBuildFile; fileRef = E79D878527F3AAC600C39780 /* ResultDetailView.swift */; };
		E79D878827F4580C00C39780 /* SettingsViewModel.swift in Sources */ = {isa = PBXBuildFile; fileRef = E79D878727F4580C00C39780 /* SettingsViewModel.swift */; };
		E81C5DAF27F6F47A00C8D6FC /* TimerViewModelTests.swift in Sources */ = {isa = PBXBuildFile; fileRef = E81C5DAE27F6F47A00C8D6FC /* TimerViewModelTests.swift */; };
		E81C5DB127F6FB2B00C8D6FC /* View+Additions.swift in Sources */ = {isa = PBXBuildFile; fileRef = E81C5DB027F6FB2B00C8D6FC /* View+Additions.swift */; };
		E85499C027EF65E000FA8FF1 /* SettingsView.swift in Sources */ = {isa = PBXBuildFile; fileRef = E85499BF27EF65E000FA8FF1 /* SettingsView.swift */; };
		E85499C827EF6E0C00FA8FF1 /* TimerModel.swift in Sources */ = {isa = PBXBuildFile; fileRef = E85499C727EF6E0C00FA8FF1 /* TimerModel.swift */; };
		E85499CA27EF6EC700FA8FF1 /* SettingsModel.swift in Sources */ = {isa = PBXBuildFile; fileRef = E85499C927EF6EC700FA8FF1 /* SettingsModel.swift */; };
		E8F3BAFE27EA0AC6001AEDB2 /* SpeedcubeTimerApp.swift in Sources */ = {isa = PBXBuildFile; fileRef = E8F3BAFD27EA0AC6001AEDB2 /* SpeedcubeTimerApp.swift */; };
		E8F3BB0227EA0AC7001AEDB2 /* Assets.xcassets in Resources */ = {isa = PBXBuildFile; fileRef = E8F3BB0127EA0AC7001AEDB2 /* Assets.xcassets */; };
		E8F3BB0527EA0AC7001AEDB2 /* Preview Assets.xcassets in Resources */ = {isa = PBXBuildFile; fileRef = E8F3BB0427EA0AC7001AEDB2 /* Preview Assets.xcassets */; };
		E8F3BB1927EA0AC7001AEDB2 /* SpeedcubeTimerUITests.swift in Sources */ = {isa = PBXBuildFile; fileRef = E8F3BB1827EA0AC7001AEDB2 /* SpeedcubeTimerUITests.swift */; };
		E8F3BB1B27EA0AC7001AEDB2 /* SpeedcubeTimerUITestsLaunchTests.swift in Sources */ = {isa = PBXBuildFile; fileRef = E8F3BB1A27EA0AC7001AEDB2 /* SpeedcubeTimerUITestsLaunchTests.swift */; };
		E8F3BB2827EA0B2D001AEDB2 /* TimerView.swift in Sources */ = {isa = PBXBuildFile; fileRef = E8F3BB2727EA0B2D001AEDB2 /* TimerView.swift */; };
		E8F3BB2D27EA150D001AEDB2 /* TimerViewModel.swift in Sources */ = {isa = PBXBuildFile; fileRef = E8F3BB2C27EA150D001AEDB2 /* TimerViewModel.swift */; };
		E8F3BB3027EA1A83001AEDB2 /* ScrambleProvider.swift in Sources */ = {isa = PBXBuildFile; fileRef = E8F3BB2F27EA1A83001AEDB2 /* ScrambleProvider.swift */; };
		E8F3BB4127EC8DD9001AEDB2 /* MainView.swift in Sources */ = {isa = PBXBuildFile; fileRef = E8F3BB4027EC8DD9001AEDB2 /* MainView.swift */; };
		E8F3BB4527EC8E52001AEDB2 /* ResultsListView.swift in Sources */ = {isa = PBXBuildFile; fileRef = E8F3BB4427EC8E52001AEDB2 /* ResultsListView.swift */; };
/* End PBXBuildFile section */

/* Begin PBXContainerItemProxy section */
		E8F3BB0B27EA0AC7001AEDB2 /* PBXContainerItemProxy */ = {
			isa = PBXContainerItemProxy;
			containerPortal = E8F3BAF227EA0AC6001AEDB2 /* Project object */;
			proxyType = 1;
			remoteGlobalIDString = E8F3BAF927EA0AC6001AEDB2;
			remoteInfo = SpeedcubeTimer;
		};
		E8F3BB1527EA0AC7001AEDB2 /* PBXContainerItemProxy */ = {
			isa = PBXContainerItemProxy;
			containerPortal = E8F3BAF227EA0AC6001AEDB2 /* Project object */;
			proxyType = 1;
			remoteGlobalIDString = E8F3BAF927EA0AC6001AEDB2;
			remoteInfo = SpeedcubeTimer;
		};
/* End PBXContainerItemProxy section */

/* Begin PBXFileReference section */
		E71B7DE027F9D80B00896892 /* String+Additions.swift */ = {isa = PBXFileReference; lastKnownFileType = sourcecode.swift; path = "String+Additions.swift"; sourceTree = "<group>"; };
		E74480AB27F78959009ECBEF /* SettingsViewModelTests.swift */ = {isa = PBXFileReference; lastKnownFileType = sourcecode.swift; path = SettingsViewModelTests.swift; sourceTree = "<group>"; };
		E74480AD27F78C76009ECBEF /* MainViewModelTests.swift */ = {isa = PBXFileReference; lastKnownFileType = sourcecode.swift; path = MainViewModelTests.swift; sourceTree = "<group>"; };
		E74480AF27F78E2E009ECBEF /* AppSettings.swift */ = {isa = PBXFileReference; lastKnownFileType = sourcecode.swift; path = AppSettings.swift; sourceTree = "<group>"; };
		E74480B127F78E5F009ECBEF /* AppSetingsTests.swift */ = {isa = PBXFileReference; lastKnownFileType = sourcecode.swift; path = AppSetingsTests.swift; sourceTree = "<group>"; };
		E74480B327F796EB009ECBEF /* ScrambleProviderTests.swift */ = {isa = PBXFileReference; lastKnownFileType = sourcecode.swift; path = ScrambleProviderTests.swift; sourceTree = "<group>"; };
		E79D877927F1C9F000C39780 /* MainModel.swift */ = {isa = PBXFileReference; lastKnownFileType = sourcecode.swift; path = MainModel.swift; sourceTree = "<group>"; };
		E79D877F27F2F74000C39780 /* MainViewModel.swift */ = {isa = PBXFileReference; lastKnownFileType = sourcecode.swift; path = MainViewModel.swift; sourceTree = "<group>"; };
		E79D878127F2FC4F00C39780 /* ResultsListViewModel.swift */ = {isa = PBXFileReference; lastKnownFileType = sourcecode.swift; path = ResultsListViewModel.swift; sourceTree = "<group>"; };
		E79D878327F2FCC900C39780 /* TimeInterval+Additions.swift */ = {isa = PBXFileReference; lastKnownFileType = sourcecode.swift; path = "TimeInterval+Additions.swift"; sourceTree = "<group>"; };
		E79D878527F3AAC600C39780 /* ResultDetailView.swift */ = {isa = PBXFileReference; lastKnownFileType = sourcecode.swift; path = ResultDetailView.swift; sourceTree = "<group>"; };
		E79D878727F4580C00C39780 /* SettingsViewModel.swift */ = {isa = PBXFileReference; lastKnownFileType = sourcecode.swift; path = SettingsViewModel.swift; sourceTree = "<group>"; };
		E81C5DAE27F6F47A00C8D6FC /* TimerViewModelTests.swift */ = {isa = PBXFileReference; lastKnownFileType = sourcecode.swift; path = TimerViewModelTests.swift; sourceTree = "<group>"; };
		E81C5DB027F6FB2B00C8D6FC /* View+Additions.swift */ = {isa = PBXFileReference; lastKnownFileType = sourcecode.swift; path = "View+Additions.swift"; sourceTree = "<group>"; };
		E85499BF27EF65E000FA8FF1 /* SettingsView.swift */ = {isa = PBXFileReference; lastKnownFileType = sourcecode.swift; path = SettingsView.swift; sourceTree = "<group>"; };
		E85499C727EF6E0C00FA8FF1 /* TimerModel.swift */ = {isa = PBXFileReference; lastKnownFileType = sourcecode.swift; path = TimerModel.swift; sourceTree = "<group>"; };
		E85499C927EF6EC700FA8FF1 /* SettingsModel.swift */ = {isa = PBXFileReference; lastKnownFileType = sourcecode.swift; path = SettingsModel.swift; sourceTree = "<group>"; };
		E8F3BAFA27EA0AC6001AEDB2 /* SpeedcubeTimer.app */ = {isa = PBXFileReference; explicitFileType = wrapper.application; includeInIndex = 0; path = SpeedcubeTimer.app; sourceTree = BUILT_PRODUCTS_DIR; };
		E8F3BAFD27EA0AC6001AEDB2 /* SpeedcubeTimerApp.swift */ = {isa = PBXFileReference; lastKnownFileType = sourcecode.swift; path = SpeedcubeTimerApp.swift; sourceTree = "<group>"; };
		E8F3BB0127EA0AC7001AEDB2 /* Assets.xcassets */ = {isa = PBXFileReference; lastKnownFileType = folder.assetcatalog; path = Assets.xcassets; sourceTree = "<group>"; };
		E8F3BB0427EA0AC7001AEDB2 /* Preview Assets.xcassets */ = {isa = PBXFileReference; lastKnownFileType = folder.assetcatalog; path = "Preview Assets.xcassets"; sourceTree = "<group>"; };
		E8F3BB0A27EA0AC7001AEDB2 /* SpeedcubeTimerTests.xctest */ = {isa = PBXFileReference; explicitFileType = wrapper.cfbundle; includeInIndex = 0; path = SpeedcubeTimerTests.xctest; sourceTree = BUILT_PRODUCTS_DIR; };
		E8F3BB1427EA0AC7001AEDB2 /* SpeedcubeTimerUITests.xctest */ = {isa = PBXFileReference; explicitFileType = wrapper.cfbundle; includeInIndex = 0; path = SpeedcubeTimerUITests.xctest; sourceTree = BUILT_PRODUCTS_DIR; };
		E8F3BB1827EA0AC7001AEDB2 /* SpeedcubeTimerUITests.swift */ = {isa = PBXFileReference; lastKnownFileType = sourcecode.swift; path = SpeedcubeTimerUITests.swift; sourceTree = "<group>"; };
		E8F3BB1A27EA0AC7001AEDB2 /* SpeedcubeTimerUITestsLaunchTests.swift */ = {isa = PBXFileReference; lastKnownFileType = sourcecode.swift; path = SpeedcubeTimerUITestsLaunchTests.swift; sourceTree = "<group>"; };
		E8F3BB2727EA0B2D001AEDB2 /* TimerView.swift */ = {isa = PBXFileReference; lastKnownFileType = sourcecode.swift; path = TimerView.swift; sourceTree = "<group>"; };
		E8F3BB2C27EA150D001AEDB2 /* TimerViewModel.swift */ = {isa = PBXFileReference; lastKnownFileType = sourcecode.swift; path = TimerViewModel.swift; sourceTree = "<group>"; };
		E8F3BB2F27EA1A83001AEDB2 /* ScrambleProvider.swift */ = {isa = PBXFileReference; lastKnownFileType = sourcecode.swift; path = ScrambleProvider.swift; sourceTree = "<group>"; };
		E8F3BB4027EC8DD9001AEDB2 /* MainView.swift */ = {isa = PBXFileReference; lastKnownFileType = sourcecode.swift; path = MainView.swift; sourceTree = "<group>"; };
		E8F3BB4427EC8E52001AEDB2 /* ResultsListView.swift */ = {isa = PBXFileReference; lastKnownFileType = sourcecode.swift; path = ResultsListView.swift; sourceTree = "<group>"; };
/* End PBXFileReference section */

/* Begin PBXFrameworksBuildPhase section */
		E8F3BAF727EA0AC6001AEDB2 /* Frameworks */ = {
			isa = PBXFrameworksBuildPhase;
			buildActionMask = 2147483647;
			files = (
			);
			runOnlyForDeploymentPostprocessing = 0;
		};
		E8F3BB0727EA0AC7001AEDB2 /* Frameworks */ = {
			isa = PBXFrameworksBuildPhase;
			buildActionMask = 2147483647;
			files = (
			);
			runOnlyForDeploymentPostprocessing = 0;
		};
		E8F3BB1127EA0AC7001AEDB2 /* Frameworks */ = {
			isa = PBXFrameworksBuildPhase;
			buildActionMask = 2147483647;
			files = (
			);
			runOnlyForDeploymentPostprocessing = 0;
		};
/* End PBXFrameworksBuildPhase section */

/* Begin PBXGroup section */
		E74480B527F79704009ECBEF /* Extensions */ = {
			isa = PBXGroup;
			children = (
				E79D878327F2FCC900C39780 /* TimeInterval+Additions.swift */,
				E81C5DB027F6FB2B00C8D6FC /* View+Additions.swift */,
				E71B7DE027F9D80B00896892 /* String+Additions.swift */,
			);
			path = Extensions;
			sourceTree = "<group>";
		};
		E85499BE27EF65D500FA8FF1 /* Settings */ = {
			isa = PBXGroup;
			children = (
				E85499BF27EF65E000FA8FF1 /* SettingsView.swift */,
				E79D878727F4580C00C39780 /* SettingsViewModel.swift */,
				E85499C927EF6EC700FA8FF1 /* SettingsModel.swift */,
			);
			path = Settings;
			sourceTree = "<group>";
		};
		E8F3BAF127EA0AC6001AEDB2 = {
			isa = PBXGroup;
			children = (
				E8F3BAFC27EA0AC6001AEDB2 /* SpeedcubeTimer */,
				E8F3BB0D27EA0AC7001AEDB2 /* SpeedcubeTimerTests */,
				E8F3BB1727EA0AC7001AEDB2 /* SpeedcubeTimerUITests */,
				E8F3BAFB27EA0AC6001AEDB2 /* Products */,
			);
			sourceTree = "<group>";
		};
		E8F3BAFB27EA0AC6001AEDB2 /* Products */ = {
			isa = PBXGroup;
			children = (
				E8F3BAFA27EA0AC6001AEDB2 /* SpeedcubeTimer.app */,
				E8F3BB0A27EA0AC7001AEDB2 /* SpeedcubeTimerTests.xctest */,
				E8F3BB1427EA0AC7001AEDB2 /* SpeedcubeTimerUITests.xctest */,
			);
			name = Products;
			sourceTree = "<group>";
		};
		E8F3BAFC27EA0AC6001AEDB2 /* SpeedcubeTimer */ = {
			isa = PBXGroup;
			children = (
				E8F3BB2927EA0CC9001AEDB2 /* Application */,
				E8F3BB0327EA0AC7001AEDB2 /* Preview Content */,
			);
			path = SpeedcubeTimer;
			sourceTree = "<group>";
		};
		E8F3BB0327EA0AC7001AEDB2 /* Preview Content */ = {
			isa = PBXGroup;
			children = (
				E8F3BB0427EA0AC7001AEDB2 /* Preview Assets.xcassets */,
			);
			path = "Preview Content";
			sourceTree = "<group>";
		};
		E8F3BB0D27EA0AC7001AEDB2 /* SpeedcubeTimerTests */ = {
			isa = PBXGroup;
			children = (
				E81C5DAE27F6F47A00C8D6FC /* TimerViewModelTests.swift */,
				E74480AB27F78959009ECBEF /* SettingsViewModelTests.swift */,
				E74480AD27F78C76009ECBEF /* MainViewModelTests.swift */,
				E74480B127F78E5F009ECBEF /* AppSetingsTests.swift */,
				E74480B327F796EB009ECBEF /* ScrambleProviderTests.swift */,
			);
			path = SpeedcubeTimerTests;
			sourceTree = "<group>";
		};
		E8F3BB1727EA0AC7001AEDB2 /* SpeedcubeTimerUITests */ = {
			isa = PBXGroup;
			children = (
				E8F3BB1827EA0AC7001AEDB2 /* SpeedcubeTimerUITests.swift */,
				E8F3BB1A27EA0AC7001AEDB2 /* SpeedcubeTimerUITestsLaunchTests.swift */,
			);
			path = SpeedcubeTimerUITests;
			sourceTree = "<group>";
		};
		E8F3BB2927EA0CC9001AEDB2 /* Application */ = {
			isa = PBXGroup;
			children = (
				E8F3BB2A27EA0CE2001AEDB2 /* Application */,
				E8F3BB2E27EA1A79001AEDB2 /* Helpers */,
				E8F3BB3F27EC8DCB001AEDB2 /* Main */,
				E85499BE27EF65D500FA8FF1 /* Settings */,
				E8F3BB4327EC8E36001AEDB2 /* ResultsList */,
				E8F3BB2B27EA0CEA001AEDB2 /* Timer */,
			);
			path = Application;
			sourceTree = "<group>";
		};
		E8F3BB2A27EA0CE2001AEDB2 /* Application */ = {
			isa = PBXGroup;
			children = (
				E8F3BB0127EA0AC7001AEDB2 /* Assets.xcassets */,
				E8F3BAFD27EA0AC6001AEDB2 /* SpeedcubeTimerApp.swift */,
			);
			path = Application;
			sourceTree = "<group>";
		};
		E8F3BB2B27EA0CEA001AEDB2 /* Timer */ = {
			isa = PBXGroup;
			children = (
				E8F3BB2727EA0B2D001AEDB2 /* TimerView.swift */,
				E8F3BB2C27EA150D001AEDB2 /* TimerViewModel.swift */,
				E85499C727EF6E0C00FA8FF1 /* TimerModel.swift */,
			);
			path = Timer;
			sourceTree = "<group>";
		};
		E8F3BB2E27EA1A79001AEDB2 /* Helpers */ = {
			isa = PBXGroup;
			children = (
				E8F3BB2F27EA1A83001AEDB2 /* ScrambleProvider.swift */,
				E74480B527F79704009ECBEF /* Extensions */,
			);
			path = Helpers;
			sourceTree = "<group>";
		};
		E8F3BB3F27EC8DCB001AEDB2 /* Main */ = {
			isa = PBXGroup;
			children = (
				E8F3BB4027EC8DD9001AEDB2 /* MainView.swift */,
				E79D877F27F2F74000C39780 /* MainViewModel.swift */,
				E79D877927F1C9F000C39780 /* MainModel.swift */,
				E74480AF27F78E2E009ECBEF /* AppSettings.swift */,
			);
			path = Main;
			sourceTree = "<group>";
		};
		E8F3BB4327EC8E36001AEDB2 /* ResultsList */ = {
			isa = PBXGroup;
			children = (
				E8F3BB4427EC8E52001AEDB2 /* ResultsListView.swift */,
				E79D878127F2FC4F00C39780 /* ResultsListViewModel.swift */,
				E79D878527F3AAC600C39780 /* ResultDetailView.swift */,
			);
			path = ResultsList;
			sourceTree = "<group>";
		};
/* End PBXGroup section */

/* Begin PBXNativeTarget section */
		E8F3BAF927EA0AC6001AEDB2 /* SpeedcubeTimer */ = {
			isa = PBXNativeTarget;
			buildConfigurationList = E8F3BB1E27EA0AC7001AEDB2 /* Build configuration list for PBXNativeTarget "SpeedcubeTimer" */;
			buildPhases = (
				E8F3BAF627EA0AC6001AEDB2 /* Sources */,
				E8F3BAF727EA0AC6001AEDB2 /* Frameworks */,
				E8F3BAF827EA0AC6001AEDB2 /* Resources */,
			);
			buildRules = (
			);
			dependencies = (
			);
			name = SpeedcubeTimer;
			productName = SpeedcubeTimer;
			productReference = E8F3BAFA27EA0AC6001AEDB2 /* SpeedcubeTimer.app */;
			productType = "com.apple.product-type.application";
		};
		E8F3BB0927EA0AC7001AEDB2 /* SpeedcubeTimerTests */ = {
			isa = PBXNativeTarget;
			buildConfigurationList = E8F3BB2127EA0AC7001AEDB2 /* Build configuration list for PBXNativeTarget "SpeedcubeTimerTests" */;
			buildPhases = (
				E8F3BB0627EA0AC7001AEDB2 /* Sources */,
				E8F3BB0727EA0AC7001AEDB2 /* Frameworks */,
				E8F3BB0827EA0AC7001AEDB2 /* Resources */,
			);
			buildRules = (
			);
			dependencies = (
				E8F3BB0C27EA0AC7001AEDB2 /* PBXTargetDependency */,
			);
			name = SpeedcubeTimerTests;
			productName = SpeedcubeTimerTests;
			productReference = E8F3BB0A27EA0AC7001AEDB2 /* SpeedcubeTimerTests.xctest */;
			productType = "com.apple.product-type.bundle.unit-test";
		};
		E8F3BB1327EA0AC7001AEDB2 /* SpeedcubeTimerUITests */ = {
			isa = PBXNativeTarget;
			buildConfigurationList = E8F3BB2427EA0AC7001AEDB2 /* Build configuration list for PBXNativeTarget "SpeedcubeTimerUITests" */;
			buildPhases = (
				E8F3BB1027EA0AC7001AEDB2 /* Sources */,
				E8F3BB1127EA0AC7001AEDB2 /* Frameworks */,
				E8F3BB1227EA0AC7001AEDB2 /* Resources */,
			);
			buildRules = (
			);
			dependencies = (
				E8F3BB1627EA0AC7001AEDB2 /* PBXTargetDependency */,
			);
			name = SpeedcubeTimerUITests;
			productName = SpeedcubeTimerUITests;
			productReference = E8F3BB1427EA0AC7001AEDB2 /* SpeedcubeTimerUITests.xctest */;
			productType = "com.apple.product-type.bundle.ui-testing";
		};
/* End PBXNativeTarget section */

/* Begin PBXProject section */
		E8F3BAF227EA0AC6001AEDB2 /* Project object */ = {
			isa = PBXProject;
			attributes = {
				BuildIndependentTargetsInParallel = 1;
				LastSwiftUpdateCheck = 1320;
				LastUpgradeCheck = 1320;
				TargetAttributes = {
					E8F3BAF927EA0AC6001AEDB2 = {
						CreatedOnToolsVersion = 13.2.1;
					};
					E8F3BB0927EA0AC7001AEDB2 = {
						CreatedOnToolsVersion = 13.2.1;
						TestTargetID = E8F3BAF927EA0AC6001AEDB2;
					};
					E8F3BB1327EA0AC7001AEDB2 = {
						CreatedOnToolsVersion = 13.2.1;
						TestTargetID = E8F3BAF927EA0AC6001AEDB2;
					};
				};
			};
			buildConfigurationList = E8F3BAF527EA0AC6001AEDB2 /* Build configuration list for PBXProject "SpeedcubeTimer" */;
			compatibilityVersion = "Xcode 13.0";
			developmentRegion = en;
			hasScannedForEncodings = 0;
			knownRegions = (
				en,
				Base,
			);
			mainGroup = E8F3BAF127EA0AC6001AEDB2;
			productRefGroup = E8F3BAFB27EA0AC6001AEDB2 /* Products */;
			projectDirPath = "";
			projectRoot = "";
			targets = (
				E8F3BAF927EA0AC6001AEDB2 /* SpeedcubeTimer */,
				E8F3BB0927EA0AC7001AEDB2 /* SpeedcubeTimerTests */,
				E8F3BB1327EA0AC7001AEDB2 /* SpeedcubeTimerUITests */,
			);
		};
/* End PBXProject section */

/* Begin PBXResourcesBuildPhase section */
		E8F3BAF827EA0AC6001AEDB2 /* Resources */ = {
			isa = PBXResourcesBuildPhase;
			buildActionMask = 2147483647;
			files = (
				E8F3BB0527EA0AC7001AEDB2 /* Preview Assets.xcassets in Resources */,
				E8F3BB0227EA0AC7001AEDB2 /* Assets.xcassets in Resources */,
			);
			runOnlyForDeploymentPostprocessing = 0;
		};
		E8F3BB0827EA0AC7001AEDB2 /* Resources */ = {
			isa = PBXResourcesBuildPhase;
			buildActionMask = 2147483647;
			files = (
			);
			runOnlyForDeploymentPostprocessing = 0;
		};
		E8F3BB1227EA0AC7001AEDB2 /* Resources */ = {
			isa = PBXResourcesBuildPhase;
			buildActionMask = 2147483647;
			files = (
			);
			runOnlyForDeploymentPostprocessing = 0;
		};
/* End PBXResourcesBuildPhase section */

/* Begin PBXSourcesBuildPhase section */
		E8F3BAF627EA0AC6001AEDB2 /* Sources */ = {
			isa = PBXSourcesBuildPhase;
			buildActionMask = 2147483647;
			files = (
				E8F3BB2827EA0B2D001AEDB2 /* TimerView.swift in Sources */,
				E85499C027EF65E000FA8FF1 /* SettingsView.swift in Sources */,
				E8F3BB4127EC8DD9001AEDB2 /* MainView.swift in Sources */,
				E8F3BB4527EC8E52001AEDB2 /* ResultsListView.swift in Sources */,
				E81C5DB127F6FB2B00C8D6FC /* View+Additions.swift in Sources */,
				E8F3BB3027EA1A83001AEDB2 /* ScrambleProvider.swift in Sources */,
				E79D878827F4580C00C39780 /* SettingsViewModel.swift in Sources */,
				E79D878427F2FCC900C39780 /* TimeInterval+Additions.swift in Sources */,
				E8F3BB2D27EA150D001AEDB2 /* TimerViewModel.swift in Sources */,
				E85499CA27EF6EC700FA8FF1 /* SettingsModel.swift in Sources */,
				E85499C827EF6E0C00FA8FF1 /* TimerModel.swift in Sources */,
				E79D877A27F1C9F000C39780 /* MainModel.swift in Sources */,
				E79D878627F3AAC600C39780 /* ResultDetailView.swift in Sources */,
				E8F3BAFE27EA0AC6001AEDB2 /* SpeedcubeTimerApp.swift in Sources */,
				E71B7DE127F9D80B00896892 /* String+Additions.swift in Sources */,
				E79D878027F2F74000C39780 /* MainViewModel.swift in Sources */,
				E79D878227F2FC5000C39780 /* ResultsListViewModel.swift in Sources */,
				E74480B027F78E2E009ECBEF /* AppSettings.swift in Sources */,
			);
			runOnlyForDeploymentPostprocessing = 0;
		};
		E8F3BB0627EA0AC7001AEDB2 /* Sources */ = {
			isa = PBXSourcesBuildPhase;
			buildActionMask = 2147483647;
			files = (
				E74480AE27F78C76009ECBEF /* MainViewModelTests.swift in Sources */,
				E74480B227F78E5F009ECBEF /* AppSetingsTests.swift in Sources */,
				E74480B427F796EB009ECBEF /* ScrambleProviderTests.swift in Sources */,
				E81C5DAF27F6F47A00C8D6FC /* TimerViewModelTests.swift in Sources */,
				E74480AC27F78959009ECBEF /* SettingsViewModelTests.swift in Sources */,
			);
			runOnlyForDeploymentPostprocessing = 0;
		};
		E8F3BB1027EA0AC7001AEDB2 /* Sources */ = {
			isa = PBXSourcesBuildPhase;
			buildActionMask = 2147483647;
			files = (
				E8F3BB1927EA0AC7001AEDB2 /* SpeedcubeTimerUITests.swift in Sources */,
				E8F3BB1B27EA0AC7001AEDB2 /* SpeedcubeTimerUITestsLaunchTests.swift in Sources */,
			);
			runOnlyForDeploymentPostprocessing = 0;
		};
/* End PBXSourcesBuildPhase section */

/* Begin PBXTargetDependency section */
		E8F3BB0C27EA0AC7001AEDB2 /* PBXTargetDependency */ = {
			isa = PBXTargetDependency;
			target = E8F3BAF927EA0AC6001AEDB2 /* SpeedcubeTimer */;
			targetProxy = E8F3BB0B27EA0AC7001AEDB2 /* PBXContainerItemProxy */;
		};
		E8F3BB1627EA0AC7001AEDB2 /* PBXTargetDependency */ = {
			isa = PBXTargetDependency;
			target = E8F3BAF927EA0AC6001AEDB2 /* SpeedcubeTimer */;
			targetProxy = E8F3BB1527EA0AC7001AEDB2 /* PBXContainerItemProxy */;
		};
/* End PBXTargetDependency section */

/* Begin XCBuildConfiguration section */
		E8F3BB1C27EA0AC7001AEDB2 /* Debug */ = {
			isa = XCBuildConfiguration;
			buildSettings = {
				ALWAYS_SEARCH_USER_PATHS = NO;
				CLANG_ANALYZER_NONNULL = YES;
				CLANG_ANALYZER_NUMBER_OBJECT_CONVERSION = YES_AGGRESSIVE;
				CLANG_CXX_LANGUAGE_STANDARD = "gnu++17";
				CLANG_CXX_LIBRARY = "libc++";
				CLANG_ENABLE_MODULES = YES;
				CLANG_ENABLE_OBJC_ARC = YES;
				CLANG_ENABLE_OBJC_WEAK = YES;
				CLANG_WARN_BLOCK_CAPTURE_AUTORELEASING = YES;
				CLANG_WARN_BOOL_CONVERSION = YES;
				CLANG_WARN_COMMA = YES;
				CLANG_WARN_CONSTANT_CONVERSION = YES;
				CLANG_WARN_DEPRECATED_OBJC_IMPLEMENTATIONS = YES;
				CLANG_WARN_DIRECT_OBJC_ISA_USAGE = YES_ERROR;
				CLANG_WARN_DOCUMENTATION_COMMENTS = YES;
				CLANG_WARN_EMPTY_BODY = YES;
				CLANG_WARN_ENUM_CONVERSION = YES;
				CLANG_WARN_INFINITE_RECURSION = YES;
				CLANG_WARN_INT_CONVERSION = YES;
				CLANG_WARN_NON_LITERAL_NULL_CONVERSION = YES;
				CLANG_WARN_OBJC_IMPLICIT_RETAIN_SELF = YES;
				CLANG_WARN_OBJC_LITERAL_CONVERSION = YES;
				CLANG_WARN_OBJC_ROOT_CLASS = YES_ERROR;
				CLANG_WARN_QUOTED_INCLUDE_IN_FRAMEWORK_HEADER = YES;
				CLANG_WARN_RANGE_LOOP_ANALYSIS = YES;
				CLANG_WARN_STRICT_PROTOTYPES = YES;
				CLANG_WARN_SUSPICIOUS_MOVE = YES;
				CLANG_WARN_UNGUARDED_AVAILABILITY = YES_AGGRESSIVE;
				CLANG_WARN_UNREACHABLE_CODE = YES;
				CLANG_WARN__DUPLICATE_METHOD_MATCH = YES;
				COPY_PHASE_STRIP = NO;
				DEBUG_INFORMATION_FORMAT = dwarf;
				ENABLE_STRICT_OBJC_MSGSEND = YES;
				ENABLE_TESTABILITY = YES;
				GCC_C_LANGUAGE_STANDARD = gnu11;
				GCC_DYNAMIC_NO_PIC = NO;
				GCC_NO_COMMON_BLOCKS = YES;
				GCC_OPTIMIZATION_LEVEL = 0;
				GCC_PREPROCESSOR_DEFINITIONS = (
					"DEBUG=1",
					"$(inherited)",
				);
				GCC_WARN_64_TO_32_BIT_CONVERSION = YES;
				GCC_WARN_ABOUT_RETURN_TYPE = YES_ERROR;
				GCC_WARN_UNDECLARED_SELECTOR = YES;
				GCC_WARN_UNINITIALIZED_AUTOS = YES_AGGRESSIVE;
				GCC_WARN_UNUSED_FUNCTION = YES;
				GCC_WARN_UNUSED_VARIABLE = YES;
				IPHONEOS_DEPLOYMENT_TARGET = 15.2;
				MTL_ENABLE_DEBUG_INFO = INCLUDE_SOURCE;
				MTL_FAST_MATH = YES;
				ONLY_ACTIVE_ARCH = YES;
				SDKROOT = iphoneos;
				SWIFT_ACTIVE_COMPILATION_CONDITIONS = DEBUG;
				SWIFT_OPTIMIZATION_LEVEL = "-Onone";
			};
			name = Debug;
		};
		E8F3BB1D27EA0AC7001AEDB2 /* Release */ = {
			isa = XCBuildConfiguration;
			buildSettings = {
				ALWAYS_SEARCH_USER_PATHS = NO;
				CLANG_ANALYZER_NONNULL = YES;
				CLANG_ANALYZER_NUMBER_OBJECT_CONVERSION = YES_AGGRESSIVE;
				CLANG_CXX_LANGUAGE_STANDARD = "gnu++17";
				CLANG_CXX_LIBRARY = "libc++";
				CLANG_ENABLE_MODULES = YES;
				CLANG_ENABLE_OBJC_ARC = YES;
				CLANG_ENABLE_OBJC_WEAK = YES;
				CLANG_WARN_BLOCK_CAPTURE_AUTORELEASING = YES;
				CLANG_WARN_BOOL_CONVERSION = YES;
				CLANG_WARN_COMMA = YES;
				CLANG_WARN_CONSTANT_CONVERSION = YES;
				CLANG_WARN_DEPRECATED_OBJC_IMPLEMENTATIONS = YES;
				CLANG_WARN_DIRECT_OBJC_ISA_USAGE = YES_ERROR;
				CLANG_WARN_DOCUMENTATION_COMMENTS = YES;
				CLANG_WARN_EMPTY_BODY = YES;
				CLANG_WARN_ENUM_CONVERSION = YES;
				CLANG_WARN_INFINITE_RECURSION = YES;
				CLANG_WARN_INT_CONVERSION = YES;
				CLANG_WARN_NON_LITERAL_NULL_CONVERSION = YES;
				CLANG_WARN_OBJC_IMPLICIT_RETAIN_SELF = YES;
				CLANG_WARN_OBJC_LITERAL_CONVERSION = YES;
				CLANG_WARN_OBJC_ROOT_CLASS = YES_ERROR;
				CLANG_WARN_QUOTED_INCLUDE_IN_FRAMEWORK_HEADER = YES;
				CLANG_WARN_RANGE_LOOP_ANALYSIS = YES;
				CLANG_WARN_STRICT_PROTOTYPES = YES;
				CLANG_WARN_SUSPICIOUS_MOVE = YES;
				CLANG_WARN_UNGUARDED_AVAILABILITY = YES_AGGRESSIVE;
				CLANG_WARN_UNREACHABLE_CODE = YES;
				CLANG_WARN__DUPLICATE_METHOD_MATCH = YES;
				COPY_PHASE_STRIP = NO;
				DEBUG_INFORMATION_FORMAT = "dwarf-with-dsym";
				ENABLE_NS_ASSERTIONS = NO;
				ENABLE_STRICT_OBJC_MSGSEND = YES;
				GCC_C_LANGUAGE_STANDARD = gnu11;
				GCC_NO_COMMON_BLOCKS = YES;
				GCC_WARN_64_TO_32_BIT_CONVERSION = YES;
				GCC_WARN_ABOUT_RETURN_TYPE = YES_ERROR;
				GCC_WARN_UNDECLARED_SELECTOR = YES;
				GCC_WARN_UNINITIALIZED_AUTOS = YES_AGGRESSIVE;
				GCC_WARN_UNUSED_FUNCTION = YES;
				GCC_WARN_UNUSED_VARIABLE = YES;
				IPHONEOS_DEPLOYMENT_TARGET = 15.2;
				MTL_ENABLE_DEBUG_INFO = NO;
				MTL_FAST_MATH = YES;
				SDKROOT = iphoneos;
				SWIFT_COMPILATION_MODE = wholemodule;
				SWIFT_OPTIMIZATION_LEVEL = "-O";
				VALIDATE_PRODUCT = YES;
			};
			name = Release;
		};
		E8F3BB1F27EA0AC7001AEDB2 /* Debug */ = {
			isa = XCBuildConfiguration;
			buildSettings = {
				ASSETCATALOG_COMPILER_APPICON_NAME = AppIcon;
				ASSETCATALOG_COMPILER_GLOBAL_ACCENT_COLOR_NAME = AccentColor;
				CODE_SIGN_STYLE = Automatic;
				CURRENT_PROJECT_VERSION = 1;
				DEVELOPMENT_ASSET_PATHS = "\"SpeedcubeTimer/Preview Content\"";
				DEVELOPMENT_TEAM = S3P2JPKT5J;
				ENABLE_PREVIEWS = YES;
				GENERATE_INFOPLIST_FILE = YES;
				INFOPLIST_KEY_UIApplicationSceneManifest_Generation = YES;
				INFOPLIST_KEY_UIApplicationSupportsIndirectInputEvents = YES;
				INFOPLIST_KEY_UILaunchScreen_Generation = YES;
				INFOPLIST_KEY_UISupportedInterfaceOrientations = UIInterfaceOrientationPortrait;
				INFOPLIST_KEY_UISupportedInterfaceOrientations_iPad = "UIInterfaceOrientationPortrait UIInterfaceOrientationPortraitUpsideDown UIInterfaceOrientationLandscapeLeft UIInterfaceOrientationLandscapeRight";
				INFOPLIST_KEY_UISupportedInterfaceOrientations_iPhone = UIInterfaceOrientationPortrait;
				LD_RUNPATH_SEARCH_PATHS = (
					"$(inherited)",
					"@executable_path/Frameworks",
				);
				MARKETING_VERSION = 1.0;
				PRODUCT_BUNDLE_IDENTIFIER = com.SpeedcubeTimer.macbook2017;
				PRODUCT_NAME = "$(TARGET_NAME)";
				SWIFT_EMIT_LOC_STRINGS = YES;
				SWIFT_VERSION = 5.0;
				TARGETED_DEVICE_FAMILY = "1,2";
			};
			name = Debug;
		};
		E8F3BB2027EA0AC7001AEDB2 /* Release */ = {
			isa = XCBuildConfiguration;
			buildSettings = {
				ASSETCATALOG_COMPILER_APPICON_NAME = AppIcon;
				ASSETCATALOG_COMPILER_GLOBAL_ACCENT_COLOR_NAME = AccentColor;
				CODE_SIGN_STYLE = Automatic;
				CURRENT_PROJECT_VERSION = 1;
				DEVELOPMENT_ASSET_PATHS = "\"SpeedcubeTimer/Preview Content\"";
				DEVELOPMENT_TEAM = S3P2JPKT5J;
				ENABLE_PREVIEWS = YES;
				GENERATE_INFOPLIST_FILE = YES;
				INFOPLIST_KEY_UIApplicationSceneManifest_Generation = YES;
				INFOPLIST_KEY_UIApplicationSupportsIndirectInputEvents = YES;
				INFOPLIST_KEY_UILaunchScreen_Generation = YES;
				INFOPLIST_KEY_UISupportedInterfaceOrientations = UIInterfaceOrientationPortrait;
				INFOPLIST_KEY_UISupportedInterfaceOrientations_iPad = "UIInterfaceOrientationPortrait UIInterfaceOrientationPortraitUpsideDown UIInterfaceOrientationLandscapeLeft UIInterfaceOrientationLandscapeRight";
				INFOPLIST_KEY_UISupportedInterfaceOrientations_iPhone = UIInterfaceOrientationPortrait;
				LD_RUNPATH_SEARCH_PATHS = (
					"$(inherited)",
					"@executable_path/Frameworks",
				);
				MARKETING_VERSION = 1.0;
				PRODUCT_BUNDLE_IDENTIFIER = com.SpeedcubeTimer.macbook2017;
				PRODUCT_NAME = "$(TARGET_NAME)";
				SWIFT_EMIT_LOC_STRINGS = YES;
				SWIFT_VERSION = 5.0;
				TARGETED_DEVICE_FAMILY = "1,2";
			};
			name = Release;
		};
		E8F3BB2227EA0AC7001AEDB2 /* Debug */ = {
			isa = XCBuildConfiguration;
			buildSettings = {
				ALWAYS_EMBED_SWIFT_STANDARD_LIBRARIES = YES;
				BUNDLE_LOADER = "$(TEST_HOST)";
				CODE_SIGN_STYLE = Automatic;
				CURRENT_PROJECT_VERSION = 1;
				DEVELOPMENT_TEAM = 7HD4U882MR;
				GENERATE_INFOPLIST_FILE = YES;
				IPHONEOS_DEPLOYMENT_TARGET = 15.2;
				MARKETING_VERSION = 1.0;
				PRODUCT_BUNDLE_IDENTIFIER = com.SpeedcubeTimerTests;
				PRODUCT_NAME = "$(TARGET_NAME)";
				SWIFT_EMIT_LOC_STRINGS = NO;
				SWIFT_VERSION = 5.0;
				TARGETED_DEVICE_FAMILY = "1,2";
				TEST_HOST = "$(BUILT_PRODUCTS_DIR)/SpeedcubeTimer.app/SpeedcubeTimer";
			};
			name = Debug;
		};
		E8F3BB2327EA0AC7001AEDB2 /* Release */ = {
			isa = XCBuildConfiguration;
			buildSettings = {
				ALWAYS_EMBED_SWIFT_STANDARD_LIBRARIES = YES;
				BUNDLE_LOADER = "$(TEST_HOST)";
				CODE_SIGN_STYLE = Automatic;
				CURRENT_PROJECT_VERSION = 1;
				DEVELOPMENT_TEAM = 7HD4U882MR;
				GENERATE_INFOPLIST_FILE = YES;
				IPHONEOS_DEPLOYMENT_TARGET = 15.2;
				MARKETING_VERSION = 1.0;
				PRODUCT_BUNDLE_IDENTIFIER = com.SpeedcubeTimerTests;
				PRODUCT_NAME = "$(TARGET_NAME)";
				SWIFT_EMIT_LOC_STRINGS = NO;
				SWIFT_VERSION = 5.0;
				TARGETED_DEVICE_FAMILY = "1,2";
				TEST_HOST = "$(BUILT_PRODUCTS_DIR)/SpeedcubeTimer.app/SpeedcubeTimer";
			};
			name = Release;
		};
		E8F3BB2527EA0AC7001AEDB2 /* Debug */ = {
			isa = XCBuildConfiguration;
			buildSettings = {
				ALWAYS_EMBED_SWIFT_STANDARD_LIBRARIES = YES;
				CODE_SIGN_STYLE = Automatic;
				CURRENT_PROJECT_VERSION = 1;
				DEVELOPMENT_TEAM = 7HD4U882MR;
				GENERATE_INFOPLIST_FILE = YES;
				MARKETING_VERSION = 1.0;
				PRODUCT_BUNDLE_IDENTIFIER = com.SpeedcubeTimerUITests;
				PRODUCT_NAME = "$(TARGET_NAME)";
				SWIFT_EMIT_LOC_STRINGS = NO;
				SWIFT_VERSION = 5.0;
				TARGETED_DEVICE_FAMILY = "1,2";
				TEST_TARGET_NAME = SpeedcubeTimer;
			};
			name = Debug;
		};
		E8F3BB2627EA0AC7001AEDB2 /* Release */ = {
			isa = XCBuildConfiguration;
			buildSettings = {
				ALWAYS_EMBED_SWIFT_STANDARD_LIBRARIES = YES;
				CODE_SIGN_STYLE = Automatic;
				CURRENT_PROJECT_VERSION = 1;
				DEVELOPMENT_TEAM = 7HD4U882MR;
				GENERATE_INFOPLIST_FILE = YES;
				MARKETING_VERSION = 1.0;
				PRODUCT_BUNDLE_IDENTIFIER = com.SpeedcubeTimerUITests;
				PRODUCT_NAME = "$(TARGET_NAME)";
				SWIFT_EMIT_LOC_STRINGS = NO;
				SWIFT_VERSION = 5.0;
				TARGETED_DEVICE_FAMILY = "1,2";
				TEST_TARGET_NAME = SpeedcubeTimer;
			};
			name = Release;
		};
/* End XCBuildConfiguration section */

/* Begin XCConfigurationList section */
		E8F3BAF527EA0AC6001AEDB2 /* Build configuration list for PBXProject "SpeedcubeTimer" */ = {
			isa = XCConfigurationList;
			buildConfigurations = (
				E8F3BB1C27EA0AC7001AEDB2 /* Debug */,
				E8F3BB1D27EA0AC7001AEDB2 /* Release */,
			);
			defaultConfigurationIsVisible = 0;
			defaultConfigurationName = Release;
		};
		E8F3BB1E27EA0AC7001AEDB2 /* Build configuration list for PBXNativeTarget "SpeedcubeTimer" */ = {
			isa = XCConfigurationList;
			buildConfigurations = (
				E8F3BB1F27EA0AC7001AEDB2 /* Debug */,
				E8F3BB2027EA0AC7001AEDB2 /* Release */,
			);
			defaultConfigurationIsVisible = 0;
			defaultConfigurationName = Release;
		};
		E8F3BB2127EA0AC7001AEDB2 /* Build configuration list for PBXNativeTarget "SpeedcubeTimerTests" */ = {
			isa = XCConfigurationList;
			buildConfigurations = (
				E8F3BB2227EA0AC7001AEDB2 /* Debug */,
				E8F3BB2327EA0AC7001AEDB2 /* Release */,
			);
			defaultConfigurationIsVisible = 0;
			defaultConfigurationName = Release;
		};
		E8F3BB2427EA0AC7001AEDB2 /* Build configuration list for PBXNativeTarget "SpeedcubeTimerUITests" */ = {
			isa = XCConfigurationList;
			buildConfigurations = (
				E8F3BB2527EA0AC7001AEDB2 /* Debug */,
				E8F3BB2627EA0AC7001AEDB2 /* Release */,
			);
			defaultConfigurationIsVisible = 0;
			defaultConfigurationName = Release;
		};
/* End XCConfigurationList section */
	};
	rootObject = E8F3BAF227EA0AC6001AEDB2 /* Project object */;
}
