// !$*UTF8*$!
{
	archiveVersion = 1;
	classes = {
	};
	objectVersion = 55;
	objects = {

/* Begin PBXBuildFile section */
		E701172D29096F1B00BD1D6E /* ComposableArchitecture in Frameworks */ = {isa = PBXBuildFile; productRef = E701172C29096F1B00BD1D6E /* ComposableArchitecture */; };
		E709ED9229571E8100EAB100 /* SessionsManager+Mocks.swift in Sources */ = {isa = PBXBuildFile; fileRef = E709ED9129571E8100EAB100 /* SessionsManager+Mocks.swift */; };
		E71535F529B6668100513F7E /* ResultsListReducerTests.swift in Sources */ = {isa = PBXBuildFile; fileRef = E71535F329B6668100513F7E /* ResultsListReducerTests.swift */; };
		E71535F629B6668100513F7E /* TimerReducerTests.swift in Sources */ = {isa = PBXBuildFile; fileRef = E71535F429B6668100513F7E /* TimerReducerTests.swift */; };
		E718865228AE4934004DDD29 /* AverageResult.swift in Sources */ = {isa = PBXBuildFile; fileRef = E718865128AE4934004DDD29 /* AverageResult.swift */; };
		E71A787A28E9C292000F75FF /* HorizontalTabViewBar.swift in Sources */ = {isa = PBXBuildFile; fileRef = E71A787928E9C292000F75FF /* HorizontalTabViewBar.swift */; };
		E71A787C28E9C2A5000F75FF /* HorizontalTabViewRow.swift in Sources */ = {isa = PBXBuildFile; fileRef = E71A787B28E9C2A5000F75FF /* HorizontalTabViewRow.swift */; };
		E71A787F28E9C345000F75FF /* TabViewOrHorizontalTabViewRow.swift in Sources */ = {isa = PBXBuildFile; fileRef = E71A787E28E9C345000F75FF /* TabViewOrHorizontalTabViewRow.swift */; };
		E71B7DE127F9D80B00896892 /* String+Additions.swift in Sources */ = {isa = PBXBuildFile; fileRef = E71B7DE027F9D80B00896892 /* String+Additions.swift */; };
		E7340F7728D8F16600270680 /* DataController.swift in Sources */ = {isa = PBXBuildFile; fileRef = E7340F7628D8F16600270680 /* DataController.swift */; };
		E7340F7928D8F81600270680 /* Result.swift in Sources */ = {isa = PBXBuildFile; fileRef = E7340F7828D8F81600270680 /* Result.swift */; };
		E7340F7C28D8FA5500270680 /* SpeedcubeTimer.xcdatamodeld in Sources */ = {isa = PBXBuildFile; fileRef = E7340F7A28D8FA5500270680 /* SpeedcubeTimer.xcdatamodeld */; };
		E736E66928E70D16001E55EF /* DataControllerProtocol.swift in Sources */ = {isa = PBXBuildFile; fileRef = E736E66828E70D16001E55EF /* DataControllerProtocol.swift */; };
		E736E66C28E75084001E55EF /* HorizontalTabView.swift in Sources */ = {isa = PBXBuildFile; fileRef = E736E66B28E75084001E55EF /* HorizontalTabView.swift */; };
		E73D687A28B04A4400B41034 /* Double+Additions.swift in Sources */ = {isa = PBXBuildFile; fileRef = E7556D97280283990024BB7A /* Double+Additions.swift */; };
		E73D687B28B04A5000B41034 /* String+Additions.swift in Sources */ = {isa = PBXBuildFile; fileRef = E71B7DE027F9D80B00896892 /* String+Additions.swift */; };
		E73D688328B3914800B41034 /* ScrambleProviderTests.swift in Sources */ = {isa = PBXBuildFile; fileRef = E73D688228B3914800B41034 /* ScrambleProviderTests.swift */; };
		E73D688528B3950800B41034 /* Double+AverageTests.swift in Sources */ = {isa = PBXBuildFile; fileRef = E73D688428B3950800B41034 /* Double+AverageTests.swift */; };
		E73D688A28B396C800B41034 /* ResultTests.swift in Sources */ = {isa = PBXBuildFile; fileRef = E73D688928B396C800B41034 /* ResultTests.swift */; };
		E73D688C28B39AD900B41034 /* ResultsListEmptyView.swift in Sources */ = {isa = PBXBuildFile; fileRef = E73D688B28B39AD900B41034 /* ResultsListEmptyView.swift */; };
		E73D688E28B39DE400B41034 /* ResultsListRows.swift in Sources */ = {isa = PBXBuildFile; fileRef = E73D688D28B39DE400B41034 /* ResultsListRows.swift */; };
		E7556D96280262AD0024BB7A /* Optional+Additions.swift in Sources */ = {isa = PBXBuildFile; fileRef = E7556D95280262AD0024BB7A /* Optional+Additions.swift */; };
		E7556D98280283990024BB7A /* Double+Additions.swift in Sources */ = {isa = PBXBuildFile; fileRef = E7556D97280283990024BB7A /* Double+Additions.swift */; };
		E7556D9C2804325E0024BB7A /* Cube.swift in Sources */ = {isa = PBXBuildFile; fileRef = E7556D9B2804325E0024BB7A /* Cube.swift */; };
		E7556DA1280433C40024BB7A /* CubingSession.swift in Sources */ = {isa = PBXBuildFile; fileRef = E7556DA0280433C40024BB7A /* CubingSession.swift */; };
		E75678A528B3C08600C8525F /* ResultsListDictionary.swift in Sources */ = {isa = PBXBuildFile; fileRef = E75678A428B3C08600C8525F /* ResultsListDictionary.swift */; };
		E757F8842916F52E004CDC75 /* UserSettings.swift in Sources */ = {isa = PBXBuildFile; fileRef = E757F8832916F52E004CDC75 /* UserSettings.swift */; };
		E7602A9328FD7FFD00286E47 /* ResultsListFeature.swift in Sources */ = {isa = PBXBuildFile; fileRef = E7602A9228FD7FFD00286E47 /* ResultsListFeature.swift */; };
		E7602A9528FD85EE00286E47 /* TimerFeature.swift in Sources */ = {isa = PBXBuildFile; fileRef = E7602A9428FD85EE00286E47 /* TimerFeature.swift */; };
		E763B8E728DC4A5A00097281 /* CDResult+CoreDataClass.swift in Sources */ = {isa = PBXBuildFile; fileRef = E763B8E328DC4A5A00097281 /* CDResult+CoreDataClass.swift */; };
		E763B8E828DC4A5A00097281 /* CDResult+CoreDataProperties.swift in Sources */ = {isa = PBXBuildFile; fileRef = E763B8E428DC4A5A00097281 /* CDResult+CoreDataProperties.swift */; };
		E763B8E928DC4A5A00097281 /* CDSession+CoreDataClass.swift in Sources */ = {isa = PBXBuildFile; fileRef = E763B8E528DC4A5A00097281 /* CDSession+CoreDataClass.swift */; };
		E763B8EA28DC4A5A00097281 /* CDSession+CoreDataProperties.swift in Sources */ = {isa = PBXBuildFile; fileRef = E763B8E628DC4A5A00097281 /* CDSession+CoreDataProperties.swift */; };
		E77C534E292535FE003DDF02 /* OverlayManagerTests.swift in Sources */ = {isa = PBXBuildFile; fileRef = E77C534D292535FE003DDF02 /* OverlayManagerTests.swift */; };
		E78BBCA029B6577F00CCFFD3 /* Collections in Frameworks */ = {isa = PBXBuildFile; productRef = E78BBC9F29B6577F00CCFFD3 /* Collections */; };
		E79479C828E9AF44005F43D4 /* TabViewOrHorizontalTabView.swift in Sources */ = {isa = PBXBuildFile; fileRef = E79479C728E9AF44005F43D4 /* TabViewOrHorizontalTabView.swift */; };
		E799AB7828C9FBEB00E8F18E /* TimeInterval+Additions.swift in Sources */ = {isa = PBXBuildFile; fileRef = E79D878327F2FCC900C39780 /* TimeInterval+Additions.swift */; };
		E79D878427F2FCC900C39780 /* TimeInterval+Additions.swift in Sources */ = {isa = PBXBuildFile; fileRef = E79D878327F2FCC900C39780 /* TimeInterval+Additions.swift */; };
		E79D878627F3AAC600C39780 /* ResultDetailView.swift in Sources */ = {isa = PBXBuildFile; fileRef = E79D878527F3AAC600C39780 /* ResultDetailView.swift */; };
		E79EC3AD28F70D8F00D4C3CF /* MainFeature.swift in Sources */ = {isa = PBXBuildFile; fileRef = E79EC3AC28F70D8F00D4C3CF /* MainFeature.swift */; };
		E79EC3AF28F70E1100D4C3CF /* SettingsFeature.swift in Sources */ = {isa = PBXBuildFile; fileRef = E79EC3AE28F70E1100D4C3CF /* SettingsFeature.swift */; };
		E7A0A03328AE64970092776C /* Date+Additions.swift in Sources */ = {isa = PBXBuildFile; fileRef = E7A0A03228AE64970092776C /* Date+Additions.swift */; };
		E7A415F228BBA7C400140717 /* QuarterCircleTransition.swift in Sources */ = {isa = PBXBuildFile; fileRef = E7A415F128BBA7C400140717 /* QuarterCircleTransition.swift */; };
		E7A415F428BBAB0000140717 /* Color+Additions.swift in Sources */ = {isa = PBXBuildFile; fileRef = E7A415F328BBAB0000140717 /* Color+Additions.swift */; };
		E7AB789F28B6B59300280044 /* OverlayAnimationView.swift in Sources */ = {isa = PBXBuildFile; fileRef = E7AB789E28B6B59300280044 /* OverlayAnimationView.swift */; };
		E7EEE0A228D867CA00214A31 /* SessionsManager.swift in Sources */ = {isa = PBXBuildFile; fileRef = E7EEE0A128D867CA00214A31 /* SessionsManager.swift */; };
		E7EEE0A428D8989D00214A31 /* OverlayManager.swift in Sources */ = {isa = PBXBuildFile; fileRef = E7EEE0A328D8989D00214A31 /* OverlayManager.swift */; };
		E81C5DB127F6FB2B00C8D6FC /* View+Additions.swift in Sources */ = {isa = PBXBuildFile; fileRef = E81C5DB027F6FB2B00C8D6FC /* View+Additions.swift */; };
		E85499C027EF65E000FA8FF1 /* SettingsView.swift in Sources */ = {isa = PBXBuildFile; fileRef = E85499BF27EF65E000FA8FF1 /* SettingsView.swift */; };
		E8F3BAFE27EA0AC6001AEDB2 /* SpeedcubeTimerApp.swift in Sources */ = {isa = PBXBuildFile; fileRef = E8F3BAFD27EA0AC6001AEDB2 /* SpeedcubeTimerApp.swift */; };
		E8F3BB0227EA0AC7001AEDB2 /* Assets.xcassets in Resources */ = {isa = PBXBuildFile; fileRef = E8F3BB0127EA0AC7001AEDB2 /* Assets.xcassets */; };
		E8F3BB0527EA0AC7001AEDB2 /* Preview Assets.xcassets in Resources */ = {isa = PBXBuildFile; fileRef = E8F3BB0427EA0AC7001AEDB2 /* Preview Assets.xcassets */; };
		E8F3BB1927EA0AC7001AEDB2 /* SpeedcubeTimerUITests.swift in Sources */ = {isa = PBXBuildFile; fileRef = E8F3BB1827EA0AC7001AEDB2 /* SpeedcubeTimerUITests.swift */; };
		E8F3BB1B27EA0AC7001AEDB2 /* SpeedcubeTimerUITestsLaunchTests.swift in Sources */ = {isa = PBXBuildFile; fileRef = E8F3BB1A27EA0AC7001AEDB2 /* SpeedcubeTimerUITestsLaunchTests.swift */; };
		E8F3BB2827EA0B2D001AEDB2 /* TimerView.swift in Sources */ = {isa = PBXBuildFile; fileRef = E8F3BB2727EA0B2D001AEDB2 /* TimerView.swift */; };
		E8F3BB3027EA1A83001AEDB2 /* ScrambleProvider.swift in Sources */ = {isa = PBXBuildFile; fileRef = E8F3BB2F27EA1A83001AEDB2 /* ScrambleProvider.swift */; };
		E8F3BB4127EC8DD9001AEDB2 /* MainView.swift in Sources */ = {isa = PBXBuildFile; fileRef = E8F3BB4027EC8DD9001AEDB2 /* MainView.swift */; };
		E8F3BB4527EC8E52001AEDB2 /* ResultsListView.swift in Sources */ = {isa = PBXBuildFile; fileRef = E8F3BB4427EC8E52001AEDB2 /* ResultsListView.swift */; };
/* End PBXBuildFile section */

/* Begin PBXContainerItemProxy section */
		E8F3BB0B27EA0AC7001AEDB2 /* PBXContainerItemProxy */ = {
			isa = PBXContainerItemProxy;
			containerPortal = E8F3BAF227EA0AC6001AEDB2 /* Project object */;
			proxyType = 1;
			remoteGlobalIDString = E8F3BAF927EA0AC6001AEDB2;
			remoteInfo = SpeedcubeTimer;
		};
		E8F3BB1527EA0AC7001AEDB2 /* PBXContainerItemProxy */ = {
			isa = PBXContainerItemProxy;
			containerPortal = E8F3BAF227EA0AC6001AEDB2 /* Project object */;
			proxyType = 1;
			remoteGlobalIDString = E8F3BAF927EA0AC6001AEDB2;
			remoteInfo = SpeedcubeTimer;
		};
/* End PBXContainerItemProxy section */

/* Begin PBXFileReference section */
		E709ED9129571E8100EAB100 /* SessionsManager+Mocks.swift */ = {isa = PBXFileReference; lastKnownFileType = sourcecode.swift; path = "SessionsManager+Mocks.swift"; sourceTree = "<group>"; };
		E71535F329B6668100513F7E /* ResultsListReducerTests.swift */ = {isa = PBXFileReference; fileEncoding = 4; lastKnownFileType = sourcecode.swift; path = ResultsListReducerTests.swift; sourceTree = "<group>"; };
		E71535F429B6668100513F7E /* TimerReducerTests.swift */ = {isa = PBXFileReference; fileEncoding = 4; lastKnownFileType = sourcecode.swift; path = TimerReducerTests.swift; sourceTree = "<group>"; };
		E718865128AE4934004DDD29 /* AverageResult.swift */ = {isa = PBXFileReference; lastKnownFileType = sourcecode.swift; path = AverageResult.swift; sourceTree = "<group>"; };
		E71A787928E9C292000F75FF /* HorizontalTabViewBar.swift */ = {isa = PBXFileReference; lastKnownFileType = sourcecode.swift; path = HorizontalTabViewBar.swift; sourceTree = "<group>"; };
		E71A787B28E9C2A5000F75FF /* HorizontalTabViewRow.swift */ = {isa = PBXFileReference; lastKnownFileType = sourcecode.swift; path = HorizontalTabViewRow.swift; sourceTree = "<group>"; };
		E71A787E28E9C345000F75FF /* TabViewOrHorizontalTabViewRow.swift */ = {isa = PBXFileReference; lastKnownFileType = sourcecode.swift; path = TabViewOrHorizontalTabViewRow.swift; sourceTree = "<group>"; };
		E71B7DE027F9D80B00896892 /* String+Additions.swift */ = {isa = PBXFileReference; lastKnownFileType = sourcecode.swift; path = "String+Additions.swift"; sourceTree = "<group>"; };
		E7340F7628D8F16600270680 /* DataController.swift */ = {isa = PBXFileReference; lastKnownFileType = sourcecode.swift; path = DataController.swift; sourceTree = "<group>"; };
		E7340F7828D8F81600270680 /* Result.swift */ = {isa = PBXFileReference; lastKnownFileType = sourcecode.swift; path = Result.swift; sourceTree = "<group>"; };
		E7340F7B28D8FA5500270680 /* SpeedcubeTimer.xcdatamodel */ = {isa = PBXFileReference; lastKnownFileType = wrapper.xcdatamodel; path = SpeedcubeTimer.xcdatamodel; sourceTree = "<group>"; };
		E736E66828E70D16001E55EF /* DataControllerProtocol.swift */ = {isa = PBXFileReference; lastKnownFileType = sourcecode.swift; path = DataControllerProtocol.swift; sourceTree = "<group>"; };
		E736E66B28E75084001E55EF /* HorizontalTabView.swift */ = {isa = PBXFileReference; lastKnownFileType = sourcecode.swift; path = HorizontalTabView.swift; sourceTree = "<group>"; };
		E73D688228B3914800B41034 /* ScrambleProviderTests.swift */ = {isa = PBXFileReference; lastKnownFileType = sourcecode.swift; path = ScrambleProviderTests.swift; sourceTree = "<group>"; };
		E73D688428B3950800B41034 /* Double+AverageTests.swift */ = {isa = PBXFileReference; lastKnownFileType = sourcecode.swift; path = "Double+AverageTests.swift"; sourceTree = "<group>"; };
		E73D688928B396C800B41034 /* ResultTests.swift */ = {isa = PBXFileReference; lastKnownFileType = sourcecode.swift; path = ResultTests.swift; sourceTree = "<group>"; };
		E73D688B28B39AD900B41034 /* ResultsListEmptyView.swift */ = {isa = PBXFileReference; lastKnownFileType = sourcecode.swift; path = ResultsListEmptyView.swift; sourceTree = "<group>"; };
		E73D688D28B39DE400B41034 /* ResultsListRows.swift */ = {isa = PBXFileReference; lastKnownFileType = sourcecode.swift; path = ResultsListRows.swift; sourceTree = "<group>"; };
		E7556D95280262AD0024BB7A /* Optional+Additions.swift */ = {isa = PBXFileReference; lastKnownFileType = sourcecode.swift; path = "Optional+Additions.swift"; sourceTree = "<group>"; };
		E7556D97280283990024BB7A /* Double+Additions.swift */ = {isa = PBXFileReference; lastKnownFileType = sourcecode.swift; path = "Double+Additions.swift"; sourceTree = "<group>"; };
		E7556D9B2804325E0024BB7A /* Cube.swift */ = {isa = PBXFileReference; lastKnownFileType = sourcecode.swift; path = Cube.swift; sourceTree = "<group>"; };
		E7556DA0280433C40024BB7A /* CubingSession.swift */ = {isa = PBXFileReference; lastKnownFileType = sourcecode.swift; path = CubingSession.swift; sourceTree = "<group>"; };
		E75678A428B3C08600C8525F /* ResultsListDictionary.swift */ = {isa = PBXFileReference; lastKnownFileType = sourcecode.swift; path = ResultsListDictionary.swift; sourceTree = "<group>"; };
		E757F8832916F52E004CDC75 /* UserSettings.swift */ = {isa = PBXFileReference; lastKnownFileType = sourcecode.swift; path = UserSettings.swift; sourceTree = "<group>"; };
		E7602A9228FD7FFD00286E47 /* ResultsListFeature.swift */ = {isa = PBXFileReference; lastKnownFileType = sourcecode.swift; path = ResultsListFeature.swift; sourceTree = "<group>"; };
		E7602A9428FD85EE00286E47 /* TimerFeature.swift */ = {isa = PBXFileReference; lastKnownFileType = sourcecode.swift; path = TimerFeature.swift; sourceTree = "<group>"; };
		E763B8E328DC4A5A00097281 /* CDResult+CoreDataClass.swift */ = {isa = PBXFileReference; lastKnownFileType = sourcecode.swift; path = "CDResult+CoreDataClass.swift"; sourceTree = "<group>"; };
		E763B8E428DC4A5A00097281 /* CDResult+CoreDataProperties.swift */ = {isa = PBXFileReference; lastKnownFileType = sourcecode.swift; path = "CDResult+CoreDataProperties.swift"; sourceTree = "<group>"; };
		E763B8E528DC4A5A00097281 /* CDSession+CoreDataClass.swift */ = {isa = PBXFileReference; lastKnownFileType = sourcecode.swift; path = "CDSession+CoreDataClass.swift"; sourceTree = "<group>"; };
		E763B8E628DC4A5A00097281 /* CDSession+CoreDataProperties.swift */ = {isa = PBXFileReference; lastKnownFileType = sourcecode.swift; path = "CDSession+CoreDataProperties.swift"; sourceTree = "<group>"; };
		E77C534D292535FE003DDF02 /* OverlayManagerTests.swift */ = {isa = PBXFileReference; lastKnownFileType = sourcecode.swift; path = OverlayManagerTests.swift; sourceTree = "<group>"; };
		E79479C728E9AF44005F43D4 /* TabViewOrHorizontalTabView.swift */ = {isa = PBXFileReference; lastKnownFileType = sourcecode.swift; path = TabViewOrHorizontalTabView.swift; sourceTree = "<group>"; };
		E79D878327F2FCC900C39780 /* TimeInterval+Additions.swift */ = {isa = PBXFileReference; lastKnownFileType = sourcecode.swift; path = "TimeInterval+Additions.swift"; sourceTree = "<group>"; };
		E79D878527F3AAC600C39780 /* ResultDetailView.swift */ = {isa = PBXFileReference; lastKnownFileType = sourcecode.swift; path = ResultDetailView.swift; sourceTree = "<group>"; };
		E79EC3AC28F70D8F00D4C3CF /* MainFeature.swift */ = {isa = PBXFileReference; lastKnownFileType = sourcecode.swift; path = MainFeature.swift; sourceTree = "<group>"; };
		E79EC3AE28F70E1100D4C3CF /* SettingsFeature.swift */ = {isa = PBXFileReference; lastKnownFileType = sourcecode.swift; path = SettingsFeature.swift; sourceTree = "<group>"; };
		E7A0A03228AE64970092776C /* Date+Additions.swift */ = {isa = PBXFileReference; lastKnownFileType = sourcecode.swift; path = "Date+Additions.swift"; sourceTree = "<group>"; };
		E7A415F128BBA7C400140717 /* QuarterCircleTransition.swift */ = {isa = PBXFileReference; lastKnownFileType = sourcecode.swift; path = QuarterCircleTransition.swift; sourceTree = "<group>"; };
		E7A415F328BBAB0000140717 /* Color+Additions.swift */ = {isa = PBXFileReference; lastKnownFileType = sourcecode.swift; path = "Color+Additions.swift"; sourceTree = "<group>"; };
		E7AB789E28B6B59300280044 /* OverlayAnimationView.swift */ = {isa = PBXFileReference; lastKnownFileType = sourcecode.swift; path = OverlayAnimationView.swift; sourceTree = "<group>"; };
		E7EEE0A128D867CA00214A31 /* SessionsManager.swift */ = {isa = PBXFileReference; lastKnownFileType = sourcecode.swift; path = SessionsManager.swift; sourceTree = "<group>"; };
		E7EEE0A328D8989D00214A31 /* OverlayManager.swift */ = {isa = PBXFileReference; lastKnownFileType = sourcecode.swift; path = OverlayManager.swift; sourceTree = "<group>"; };
		E81C5DB027F6FB2B00C8D6FC /* View+Additions.swift */ = {isa = PBXFileReference; lastKnownFileType = sourcecode.swift; path = "View+Additions.swift"; sourceTree = "<group>"; };
		E85499BF27EF65E000FA8FF1 /* SettingsView.swift */ = {isa = PBXFileReference; lastKnownFileType = sourcecode.swift; path = SettingsView.swift; sourceTree = "<group>"; };
		E8F3BAFA27EA0AC6001AEDB2 /* SpeedcubeTimer.app */ = {isa = PBXFileReference; explicitFileType = wrapper.application; includeInIndex = 0; path = SpeedcubeTimer.app; sourceTree = BUILT_PRODUCTS_DIR; };
		E8F3BAFD27EA0AC6001AEDB2 /* SpeedcubeTimerApp.swift */ = {isa = PBXFileReference; lastKnownFileType = sourcecode.swift; path = SpeedcubeTimerApp.swift; sourceTree = "<group>"; };
		E8F3BB0127EA0AC7001AEDB2 /* Assets.xcassets */ = {isa = PBXFileReference; lastKnownFileType = folder.assetcatalog; path = Assets.xcassets; sourceTree = "<group>"; };
		E8F3BB0427EA0AC7001AEDB2 /* Preview Assets.xcassets */ = {isa = PBXFileReference; lastKnownFileType = folder.assetcatalog; path = "Preview Assets.xcassets"; sourceTree = "<group>"; };
		E8F3BB0A27EA0AC7001AEDB2 /* SpeedcubeTimerTests.xctest */ = {isa = PBXFileReference; explicitFileType = wrapper.cfbundle; includeInIndex = 0; path = SpeedcubeTimerTests.xctest; sourceTree = BUILT_PRODUCTS_DIR; };
		E8F3BB1427EA0AC7001AEDB2 /* SpeedcubeTimerUITests.xctest */ = {isa = PBXFileReference; explicitFileType = wrapper.cfbundle; includeInIndex = 0; path = SpeedcubeTimerUITests.xctest; sourceTree = BUILT_PRODUCTS_DIR; };
		E8F3BB1827EA0AC7001AEDB2 /* SpeedcubeTimerUITests.swift */ = {isa = PBXFileReference; lastKnownFileType = sourcecode.swift; path = SpeedcubeTimerUITests.swift; sourceTree = "<group>"; };
		E8F3BB1A27EA0AC7001AEDB2 /* SpeedcubeTimerUITestsLaunchTests.swift */ = {isa = PBXFileReference; lastKnownFileType = sourcecode.swift; path = SpeedcubeTimerUITestsLaunchTests.swift; sourceTree = "<group>"; };
		E8F3BB2727EA0B2D001AEDB2 /* TimerView.swift */ = {isa = PBXFileReference; lastKnownFileType = sourcecode.swift; path = TimerView.swift; sourceTree = "<group>"; };
		E8F3BB2F27EA1A83001AEDB2 /* ScrambleProvider.swift */ = {isa = PBXFileReference; lastKnownFileType = sourcecode.swift; path = ScrambleProvider.swift; sourceTree = "<group>"; };
		E8F3BB4027EC8DD9001AEDB2 /* MainView.swift */ = {isa = PBXFileReference; lastKnownFileType = sourcecode.swift; path = MainView.swift; sourceTree = "<group>"; };
		E8F3BB4427EC8E52001AEDB2 /* ResultsListView.swift */ = {isa = PBXFileReference; lastKnownFileType = sourcecode.swift; path = ResultsListView.swift; sourceTree = "<group>"; };
/* End PBXFileReference section */

/* Begin PBXFrameworksBuildPhase section */
		E8F3BAF727EA0AC6001AEDB2 /* Frameworks */ = {
			isa = PBXFrameworksBuildPhase;
			buildActionMask = 2147483647;
			files = (
				E78BBCA029B6577F00CCFFD3 /* Collections in Frameworks */,
				E701172D29096F1B00BD1D6E /* ComposableArchitecture in Frameworks */,
			);
			runOnlyForDeploymentPostprocessing = 0;
		};
		E8F3BB0727EA0AC7001AEDB2 /* Frameworks */ = {
			isa = PBXFrameworksBuildPhase;
			buildActionMask = 2147483647;
			files = (
			);
			runOnlyForDeploymentPostprocessing = 0;
		};
		E8F3BB1127EA0AC7001AEDB2 /* Frameworks */ = {
			isa = PBXFrameworksBuildPhase;
			buildActionMask = 2147483647;
			files = (
			);
			runOnlyForDeploymentPostprocessing = 0;
		};
/* End PBXFrameworksBuildPhase section */

/* Begin PBXGroup section */
		E70C08DC281C53F000EAA212 /* View */ = {
			isa = PBXGroup;
			children = (
				E8F3BB2727EA0B2D001AEDB2 /* TimerView.swift */,
			);
			path = View;
			sourceTree = "<group>";
		};
		E70C08DD281C53F500EAA212 /* Feature */ = {
			isa = PBXGroup;
			children = (
				E7602A9428FD85EE00286E47 /* TimerFeature.swift */,
			);
			path = Feature;
			sourceTree = "<group>";
		};
		E71535F229B6668100513F7E /* ReducersTests */ = {
			isa = PBXGroup;
			children = (
				E71535F329B6668100513F7E /* ResultsListReducerTests.swift */,
				E71535F429B6668100513F7E /* TimerReducerTests.swift */,
			);
			path = ReducersTests;
			sourceTree = "<group>";
		};
		E71A787828E9C27E000F75FF /* HorizontalTabView */ = {
			isa = PBXGroup;
			children = (
				E736E66B28E75084001E55EF /* HorizontalTabView.swift */,
				E71A787928E9C292000F75FF /* HorizontalTabViewBar.swift */,
				E71A787B28E9C2A5000F75FF /* HorizontalTabViewRow.swift */,
			);
			path = HorizontalTabView;
			sourceTree = "<group>";
		};
		E71A787D28E9C331000F75FF /* TabViewOrHorizontalTabView */ = {
			isa = PBXGroup;
			children = (
				E79479C728E9AF44005F43D4 /* TabViewOrHorizontalTabView.swift */,
				E71A787E28E9C345000F75FF /* TabViewOrHorizontalTabViewRow.swift */,
			);
			path = TabViewOrHorizontalTabView;
			sourceTree = "<group>";
		};
		E7340F7228D8F0FF00270680 /* CoreData */ = {
			isa = PBXGroup;
			children = (
				E763B8EB28E1B6A600097281 /* Model */,
				E736E66828E70D16001E55EF /* DataControllerProtocol.swift */,
				E7340F7628D8F16600270680 /* DataController.swift */,
			);
			path = CoreData;
			sourceTree = "<group>";
		};
		E73A67DB28BC0F3B0013B2AC /* Feature */ = {
			isa = PBXGroup;
			children = (
				E79EC3AC28F70D8F00D4C3CF /* MainFeature.swift */,
			);
			path = Feature;
			sourceTree = "<group>";
		};
		E73A67DC28BC0F3F0013B2AC /* View */ = {
			isa = PBXGroup;
			children = (
				E8F3BB4027EC8DD9001AEDB2 /* MainView.swift */,
			);
			path = View;
			sourceTree = "<group>";
		};
		E73D688128B3913400B41034 /* HelpersTests */ = {
			isa = PBXGroup;
			children = (
				E73D688228B3914800B41034 /* ScrambleProviderTests.swift */,
				E73D688428B3950800B41034 /* Double+AverageTests.swift */,
				E77C534D292535FE003DDF02 /* OverlayManagerTests.swift */,
			);
			path = HelpersTests;
			sourceTree = "<group>";
		};
		E73D688828B396AE00B41034 /* ModelTests */ = {
			isa = PBXGroup;
			children = (
				E73D688928B396C800B41034 /* ResultTests.swift */,
			);
			path = ModelTests;
			sourceTree = "<group>";
		};
		E74480B527F79704009ECBEF /* Extensions */ = {
			isa = PBXGroup;
			children = (
				E79D878327F2FCC900C39780 /* TimeInterval+Additions.swift */,
				E81C5DB027F6FB2B00C8D6FC /* View+Additions.swift */,
				E71B7DE027F9D80B00896892 /* String+Additions.swift */,
				E7556D95280262AD0024BB7A /* Optional+Additions.swift */,
				E7556D97280283990024BB7A /* Double+Additions.swift */,
				E7A0A03228AE64970092776C /* Date+Additions.swift */,
				E7A415F328BBAB0000140717 /* Color+Additions.swift */,
			);
			path = Extensions;
			sourceTree = "<group>";
		};
		E7556D992804320E0024BB7A /* Screens */ = {
			isa = PBXGroup;
			children = (
				E8F3BB3F27EC8DCB001AEDB2 /* Main */,
				E85499BE27EF65D500FA8FF1 /* Settings */,
				E8F3BB4327EC8E36001AEDB2 /* ResultsList */,
				E8F3BB2B27EA0CEA001AEDB2 /* Timer */,
			);
			path = Screens;
			sourceTree = "<group>";
		};
		E7556D9A2804324B0024BB7A /* Model */ = {
			isa = PBXGroup;
			children = (
				E7556D9B2804325E0024BB7A /* Cube.swift */,
				E7340F7828D8F81600270680 /* Result.swift */,
				E7556DA0280433C40024BB7A /* CubingSession.swift */,
				E718865128AE4934004DDD29 /* AverageResult.swift */,
			);
			path = Model;
			sourceTree = "<group>";
		};
		E763B8EB28E1B6A600097281 /* Model */ = {
			isa = PBXGroup;
			children = (
				E7340F7A28D8FA5500270680 /* SpeedcubeTimer.xcdatamodeld */,
				E763B8E328DC4A5A00097281 /* CDResult+CoreDataClass.swift */,
				E763B8E428DC4A5A00097281 /* CDResult+CoreDataProperties.swift */,
				E763B8E528DC4A5A00097281 /* CDSession+CoreDataClass.swift */,
				E763B8E628DC4A5A00097281 /* CDSession+CoreDataProperties.swift */,
			);
			path = Model;
			sourceTree = "<group>";
		};
		E763E09028327E460051DE7E /* View */ = {
			isa = PBXGroup;
			children = (
				E8F3BB4427EC8E52001AEDB2 /* ResultsListView.swift */,
				E73D688B28B39AD900B41034 /* ResultsListEmptyView.swift */,
				E73D688D28B39DE400B41034 /* ResultsListRows.swift */,
				E79D878527F3AAC600C39780 /* ResultDetailView.swift */,
				E75678A428B3C08600C8525F /* ResultsListDictionary.swift */,
			);
			path = View;
			sourceTree = "<group>";
		};
		E763E09128327E4D0051DE7E /* Feature */ = {
			isa = PBXGroup;
			children = (
				E7602A9228FD7FFD00286E47 /* ResultsListFeature.swift */,
			);
			path = Feature;
			sourceTree = "<group>";
		};
		E796C00A2822E22A0092EE59 /* View */ = {
			isa = PBXGroup;
			children = (
				E85499BF27EF65E000FA8FF1 /* SettingsView.swift */,
			);
			path = View;
			sourceTree = "<group>";
		};
		E796C00B2822E2300092EE59 /* Feature */ = {
			isa = PBXGroup;
			children = (
				E79EC3AE28F70E1100D4C3CF /* SettingsFeature.swift */,
			);
			path = Feature;
			sourceTree = "<group>";
		};
		E7A415F028BBA7A800140717 /* Views */ = {
			isa = PBXGroup;
			children = (
				E71A787D28E9C331000F75FF /* TabViewOrHorizontalTabView */,
				E71A787828E9C27E000F75FF /* HorizontalTabView */,
				E7AB789E28B6B59300280044 /* OverlayAnimationView.swift */,
				E7A415F128BBA7C400140717 /* QuarterCircleTransition.swift */,
			);
			path = Views;
			sourceTree = "<group>";
		};
		E7EEE0A028D8679500214A31 /* Managers */ = {
			isa = PBXGroup;
			children = (
				E7340F7228D8F0FF00270680 /* CoreData */,
				E8F3BB2F27EA1A83001AEDB2 /* ScrambleProvider.swift */,
				E7EEE0A128D867CA00214A31 /* SessionsManager.swift */,
				E7EEE0A328D8989D00214A31 /* OverlayManager.swift */,
				E757F8832916F52E004CDC75 /* UserSettings.swift */,
			);
			path = Managers;
			sourceTree = "<group>";
		};
		E85499BE27EF65D500FA8FF1 /* Settings */ = {
			isa = PBXGroup;
			children = (
				E796C00B2822E2300092EE59 /* Feature */,
				E796C00A2822E22A0092EE59 /* View */,
			);
			path = Settings;
			sourceTree = "<group>";
		};
		E8F3BAF127EA0AC6001AEDB2 = {
			isa = PBXGroup;
			children = (
				E8F3BAFC27EA0AC6001AEDB2 /* SpeedcubeTimer */,
				E8F3BB0D27EA0AC7001AEDB2 /* SpeedcubeTimerTests */,
				E8F3BB1727EA0AC7001AEDB2 /* SpeedcubeTimerUITests */,
				E8F3BAFB27EA0AC6001AEDB2 /* Products */,
			);
			sourceTree = "<group>";
		};
		E8F3BAFB27EA0AC6001AEDB2 /* Products */ = {
			isa = PBXGroup;
			children = (
				E8F3BAFA27EA0AC6001AEDB2 /* SpeedcubeTimer.app */,
				E8F3BB0A27EA0AC7001AEDB2 /* SpeedcubeTimerTests.xctest */,
				E8F3BB1427EA0AC7001AEDB2 /* SpeedcubeTimerUITests.xctest */,
			);
			name = Products;
			sourceTree = "<group>";
		};
		E8F3BAFC27EA0AC6001AEDB2 /* SpeedcubeTimer */ = {
			isa = PBXGroup;
			children = (
				E8F3BB2927EA0CC9001AEDB2 /* Application */,
				E8F3BB0327EA0AC7001AEDB2 /* Preview Content */,
			);
			path = SpeedcubeTimer;
			sourceTree = "<group>";
		};
		E8F3BB0327EA0AC7001AEDB2 /* Preview Content */ = {
			isa = PBXGroup;
			children = (
				E8F3BB0427EA0AC7001AEDB2 /* Preview Assets.xcassets */,
			);
			path = "Preview Content";
			sourceTree = "<group>";
		};
		E8F3BB0D27EA0AC7001AEDB2 /* SpeedcubeTimerTests */ = {
			isa = PBXGroup;
			children = (
				E71535F229B6668100513F7E /* ReducersTests */,
				E73D688828B396AE00B41034 /* ModelTests */,
				E73D688128B3913400B41034 /* HelpersTests */,
				E709ED9129571E8100EAB100 /* SessionsManager+Mocks.swift */,
			);
			path = SpeedcubeTimerTests;
			sourceTree = "<group>";
		};
		E8F3BB1727EA0AC7001AEDB2 /* SpeedcubeTimerUITests */ = {
			isa = PBXGroup;
			children = (
				E8F3BB1827EA0AC7001AEDB2 /* SpeedcubeTimerUITests.swift */,
				E8F3BB1A27EA0AC7001AEDB2 /* SpeedcubeTimerUITestsLaunchTests.swift */,
			);
			path = SpeedcubeTimerUITests;
			sourceTree = "<group>";
		};
		E8F3BB2927EA0CC9001AEDB2 /* Application */ = {
			isa = PBXGroup;
			children = (
				E8F3BB2A27EA0CE2001AEDB2 /* Application */,
				E7556D9A2804324B0024BB7A /* Model */,
				E8F3BB2E27EA1A79001AEDB2 /* Common */,
				E7EEE0A028D8679500214A31 /* Managers */,
				E7556D992804320E0024BB7A /* Screens */,
			);
			path = Application;
			sourceTree = "<group>";
		};
		E8F3BB2A27EA0CE2001AEDB2 /* Application */ = {
			isa = PBXGroup;
			children = (
				E8F3BB0127EA0AC7001AEDB2 /* Assets.xcassets */,
				E8F3BAFD27EA0AC6001AEDB2 /* SpeedcubeTimerApp.swift */,
			);
			path = Application;
			sourceTree = "<group>";
		};
		E8F3BB2B27EA0CEA001AEDB2 /* Timer */ = {
			isa = PBXGroup;
			children = (
				E70C08DD281C53F500EAA212 /* Feature */,
				E70C08DC281C53F000EAA212 /* View */,
			);
			path = Timer;
			sourceTree = "<group>";
		};
		E8F3BB2E27EA1A79001AEDB2 /* Common */ = {
			isa = PBXGroup;
			children = (
				E74480B527F79704009ECBEF /* Extensions */,
				E7A415F028BBA7A800140717 /* Views */,
			);
			path = Common;
			sourceTree = "<group>";
		};
		E8F3BB3F27EC8DCB001AEDB2 /* Main */ = {
			isa = PBXGroup;
			children = (
				E73A67DB28BC0F3B0013B2AC /* Feature */,
				E73A67DC28BC0F3F0013B2AC /* View */,
			);
			path = Main;
			sourceTree = "<group>";
		};
		E8F3BB4327EC8E36001AEDB2 /* ResultsList */ = {
			isa = PBXGroup;
			children = (
				E763E09128327E4D0051DE7E /* Feature */,
				E763E09028327E460051DE7E /* View */,
			);
			path = ResultsList;
			sourceTree = "<group>";
		};
/* End PBXGroup section */

/* Begin PBXNativeTarget section */
		E8F3BAF927EA0AC6001AEDB2 /* SpeedcubeTimer */ = {
			isa = PBXNativeTarget;
			buildConfigurationList = E8F3BB1E27EA0AC7001AEDB2 /* Build configuration list for PBXNativeTarget "SpeedcubeTimer" */;
			buildPhases = (
				E8F3BAF627EA0AC6001AEDB2 /* Sources */,
				E8F3BAF727EA0AC6001AEDB2 /* Frameworks */,
				E8F3BAF827EA0AC6001AEDB2 /* Resources */,
			);
			buildRules = (
			);
			dependencies = (
			);
			name = SpeedcubeTimer;
			packageProductDependencies = (
				E701172C29096F1B00BD1D6E /* ComposableArchitecture */,
				E78BBC9F29B6577F00CCFFD3 /* Collections */,
			);
			productName = SpeedcubeTimer;
			productReference = E8F3BAFA27EA0AC6001AEDB2 /* SpeedcubeTimer.app */;
			productType = "com.apple.product-type.application";
		};
		E8F3BB0927EA0AC7001AEDB2 /* SpeedcubeTimerTests */ = {
			isa = PBXNativeTarget;
			buildConfigurationList = E8F3BB2127EA0AC7001AEDB2 /* Build configuration list for PBXNativeTarget "SpeedcubeTimerTests" */;
			buildPhases = (
				E8F3BB0627EA0AC7001AEDB2 /* Sources */,
				E8F3BB0727EA0AC7001AEDB2 /* Frameworks */,
				E8F3BB0827EA0AC7001AEDB2 /* Resources */,
			);
			buildRules = (
			);
			dependencies = (
				E8F3BB0C27EA0AC7001AEDB2 /* PBXTargetDependency */,
			);
			name = SpeedcubeTimerTests;
			productName = SpeedcubeTimerTests;
			productReference = E8F3BB0A27EA0AC7001AEDB2 /* SpeedcubeTimerTests.xctest */;
			productType = "com.apple.product-type.bundle.unit-test";
		};
		E8F3BB1327EA0AC7001AEDB2 /* SpeedcubeTimerUITests */ = {
			isa = PBXNativeTarget;
			buildConfigurationList = E8F3BB2427EA0AC7001AEDB2 /* Build configuration list for PBXNativeTarget "SpeedcubeTimerUITests" */;
			buildPhases = (
				E8F3BB1027EA0AC7001AEDB2 /* Sources */,
				E8F3BB1127EA0AC7001AEDB2 /* Frameworks */,
				E8F3BB1227EA0AC7001AEDB2 /* Resources */,
			);
			buildRules = (
			);
			dependencies = (
				E8F3BB1627EA0AC7001AEDB2 /* PBXTargetDependency */,
			);
			name = SpeedcubeTimerUITests;
			productName = SpeedcubeTimerUITests;
			productReference = E8F3BB1427EA0AC7001AEDB2 /* SpeedcubeTimerUITests.xctest */;
			productType = "com.apple.product-type.bundle.ui-testing";
		};
/* End PBXNativeTarget section */

/* Begin PBXProject section */
		E8F3BAF227EA0AC6001AEDB2 /* Project object */ = {
			isa = PBXProject;
			attributes = {
				BuildIndependentTargetsInParallel = 1;
				LastSwiftUpdateCheck = 1320;
				LastUpgradeCheck = 1320;
				TargetAttributes = {
					E8F3BAF927EA0AC6001AEDB2 = {
						CreatedOnToolsVersion = 13.2.1;
					};
					E8F3BB0927EA0AC7001AEDB2 = {
						CreatedOnToolsVersion = 13.2.1;
						TestTargetID = E8F3BAF927EA0AC6001AEDB2;
					};
					E8F3BB1327EA0AC7001AEDB2 = {
						CreatedOnToolsVersion = 13.2.1;
						TestTargetID = E8F3BAF927EA0AC6001AEDB2;
					};
				};
			};
			buildConfigurationList = E8F3BAF527EA0AC6001AEDB2 /* Build configuration list for PBXProject "SpeedcubeTimer" */;
			compatibilityVersion = "Xcode 13.0";
			developmentRegion = en;
			hasScannedForEncodings = 0;
			knownRegions = (
				en,
				Base,
			);
			mainGroup = E8F3BAF127EA0AC6001AEDB2;
			packageReferences = (
				E701172B29096F1B00BD1D6E /* XCRemoteSwiftPackageReference "swift-composable-architecture" */,
				E78BBC9E29B6577F00CCFFD3 /* XCRemoteSwiftPackageReference "swift-collections" */,
			);
			productRefGroup = E8F3BAFB27EA0AC6001AEDB2 /* Products */;
			projectDirPath = "";
			projectRoot = "";
			targets = (
				E8F3BAF927EA0AC6001AEDB2 /* SpeedcubeTimer */,
				E8F3BB0927EA0AC7001AEDB2 /* SpeedcubeTimerTests */,
				E8F3BB1327EA0AC7001AEDB2 /* SpeedcubeTimerUITests */,
			);
		};
/* End PBXProject section */

/* Begin PBXResourcesBuildPhase section */
		E8F3BAF827EA0AC6001AEDB2 /* Resources */ = {
			isa = PBXResourcesBuildPhase;
			buildActionMask = 2147483647;
			files = (
				E8F3BB0527EA0AC7001AEDB2 /* Preview Assets.xcassets in Resources */,
				E8F3BB0227EA0AC7001AEDB2 /* Assets.xcassets in Resources */,
			);
			runOnlyForDeploymentPostprocessing = 0;
		};
		E8F3BB0827EA0AC7001AEDB2 /* Resources */ = {
			isa = PBXResourcesBuildPhase;
			buildActionMask = 2147483647;
			files = (
			);
			runOnlyForDeploymentPostprocessing = 0;
		};
		E8F3BB1227EA0AC7001AEDB2 /* Resources */ = {
			isa = PBXResourcesBuildPhase;
			buildActionMask = 2147483647;
			files = (
			);
			runOnlyForDeploymentPostprocessing = 0;
		};
/* End PBXResourcesBuildPhase section */

/* Begin PBXSourcesBuildPhase section */
		E8F3BAF627EA0AC6001AEDB2 /* Sources */ = {
			isa = PBXSourcesBuildPhase;
			buildActionMask = 2147483647;
			files = (
				E7556D9C2804325E0024BB7A /* Cube.swift in Sources */,
				E7A415F428BBAB0000140717 /* Color+Additions.swift in Sources */,
				E7602A9328FD7FFD00286E47 /* ResultsListFeature.swift in Sources */,
				E75678A528B3C08600C8525F /* ResultsListDictionary.swift in Sources */,
				E736E66C28E75084001E55EF /* HorizontalTabView.swift in Sources */,
				E73D688E28B39DE400B41034 /* ResultsListRows.swift in Sources */,
				E8F3BB2827EA0B2D001AEDB2 /* TimerView.swift in Sources */,
				E85499C027EF65E000FA8FF1 /* SettingsView.swift in Sources */,
				E79EC3AD28F70D8F00D4C3CF /* MainFeature.swift in Sources */,
				E7340F7928D8F81600270680 /* Result.swift in Sources */,
				E7EEE0A428D8989D00214A31 /* OverlayManager.swift in Sources */,
				E7EEE0A228D867CA00214A31 /* SessionsManager.swift in Sources */,
				E8F3BB4127EC8DD9001AEDB2 /* MainView.swift in Sources */,
				E8F3BB4527EC8E52001AEDB2 /* ResultsListView.swift in Sources */,
				E7602A9528FD85EE00286E47 /* TimerFeature.swift in Sources */,
				E81C5DB127F6FB2B00C8D6FC /* View+Additions.swift in Sources */,
				E8F3BB3027EA1A83001AEDB2 /* ScrambleProvider.swift in Sources */,
				E718865228AE4934004DDD29 /* AverageResult.swift in Sources */,
				E7340F7C28D8FA5500270680 /* SpeedcubeTimer.xcdatamodeld in Sources */,
				E71A787A28E9C292000F75FF /* HorizontalTabViewBar.swift in Sources */,
				E79D878427F2FCC900C39780 /* TimeInterval+Additions.swift in Sources */,
				E763B8E928DC4A5A00097281 /* CDSession+CoreDataClass.swift in Sources */,
				E736E66928E70D16001E55EF /* DataControllerProtocol.swift in Sources */,
				E7556D98280283990024BB7A /* Double+Additions.swift in Sources */,
				E79479C828E9AF44005F43D4 /* TabViewOrHorizontalTabView.swift in Sources */,
				E763B8EA28DC4A5A00097281 /* CDSession+CoreDataProperties.swift in Sources */,
				E7AB789F28B6B59300280044 /* OverlayAnimationView.swift in Sources */,
				E79D878627F3AAC600C39780 /* ResultDetailView.swift in Sources */,
				E71A787F28E9C345000F75FF /* TabViewOrHorizontalTabViewRow.swift in Sources */,
				E763B8E728DC4A5A00097281 /* CDResult+CoreDataClass.swift in Sources */,
				E73D688C28B39AD900B41034 /* ResultsListEmptyView.swift in Sources */,
				E7556DA1280433C40024BB7A /* CubingSession.swift in Sources */,
				E7A415F228BBA7C400140717 /* QuarterCircleTransition.swift in Sources */,
				E763B8E828DC4A5A00097281 /* CDResult+CoreDataProperties.swift in Sources */,
				E7A0A03328AE64970092776C /* Date+Additions.swift in Sources */,
				E71A787C28E9C2A5000F75FF /* HorizontalTabViewRow.swift in Sources */,
				E8F3BAFE27EA0AC6001AEDB2 /* SpeedcubeTimerApp.swift in Sources */,
				E71B7DE127F9D80B00896892 /* String+Additions.swift in Sources */,
				E757F8842916F52E004CDC75 /* UserSettings.swift in Sources */,
				E7340F7728D8F16600270680 /* DataController.swift in Sources */,
				E79EC3AF28F70E1100D4C3CF /* SettingsFeature.swift in Sources */,
				E7556D96280262AD0024BB7A /* Optional+Additions.swift in Sources */,
			);
			runOnlyForDeploymentPostprocessing = 0;
		};
		E8F3BB0627EA0AC7001AEDB2 /* Sources */ = {
			isa = PBXSourcesBuildPhase;
			buildActionMask = 2147483647;
			files = (
				E709ED9229571E8100EAB100 /* SessionsManager+Mocks.swift in Sources */,
				E77C534E292535FE003DDF02 /* OverlayManagerTests.swift in Sources */,
				E71535F629B6668100513F7E /* TimerReducerTests.swift in Sources */,
				E73D688528B3950800B41034 /* Double+AverageTests.swift in Sources */,
				E73D688A28B396C800B41034 /* ResultTests.swift in Sources */,
				E73D687A28B04A4400B41034 /* Double+Additions.swift in Sources */,
				E71535F529B6668100513F7E /* ResultsListReducerTests.swift in Sources */,
				E73D687B28B04A5000B41034 /* String+Additions.swift in Sources */,
				E799AB7828C9FBEB00E8F18E /* TimeInterval+Additions.swift in Sources */,
				E73D688328B3914800B41034 /* ScrambleProviderTests.swift in Sources */,
			);
			runOnlyForDeploymentPostprocessing = 0;
		};
		E8F3BB1027EA0AC7001AEDB2 /* Sources */ = {
			isa = PBXSourcesBuildPhase;
			buildActionMask = 2147483647;
			files = (
				E8F3BB1927EA0AC7001AEDB2 /* SpeedcubeTimerUITests.swift in Sources */,
				E8F3BB1B27EA0AC7001AEDB2 /* SpeedcubeTimerUITestsLaunchTests.swift in Sources */,
			);
			runOnlyForDeploymentPostprocessing = 0;
		};
/* End PBXSourcesBuildPhase section */

/* Begin PBXTargetDependency section */
		E8F3BB0C27EA0AC7001AEDB2 /* PBXTargetDependency */ = {
			isa = PBXTargetDependency;
			target = E8F3BAF927EA0AC6001AEDB2 /* SpeedcubeTimer */;
			targetProxy = E8F3BB0B27EA0AC7001AEDB2 /* PBXContainerItemProxy */;
		};
		E8F3BB1627EA0AC7001AEDB2 /* PBXTargetDependency */ = {
			isa = PBXTargetDependency;
			target = E8F3BAF927EA0AC6001AEDB2 /* SpeedcubeTimer */;
			targetProxy = E8F3BB1527EA0AC7001AEDB2 /* PBXContainerItemProxy */;
		};
/* End PBXTargetDependency section */

/* Begin XCBuildConfiguration section */
		E8F3BB1C27EA0AC7001AEDB2 /* Debug */ = {
			isa = XCBuildConfiguration;
			buildSettings = {
				ALWAYS_SEARCH_USER_PATHS = NO;
				CLANG_ANALYZER_NONNULL = YES;
				CLANG_ANALYZER_NUMBER_OBJECT_CONVERSION = YES_AGGRESSIVE;
				CLANG_CXX_LANGUAGE_STANDARD = "gnu++17";
				CLANG_CXX_LIBRARY = "libc++";
				CLANG_ENABLE_MODULES = YES;
				CLANG_ENABLE_OBJC_ARC = YES;
				CLANG_ENABLE_OBJC_WEAK = YES;
				CLANG_WARN_BLOCK_CAPTURE_AUTORELEASING = YES;
				CLANG_WARN_BOOL_CONVERSION = YES;
				CLANG_WARN_COMMA = YES;
				CLANG_WARN_CONSTANT_CONVERSION = YES;
				CLANG_WARN_DEPRECATED_OBJC_IMPLEMENTATIONS = YES;
				CLANG_WARN_DIRECT_OBJC_ISA_USAGE = YES_ERROR;
				CLANG_WARN_DOCUMENTATION_COMMENTS = YES;
				CLANG_WARN_EMPTY_BODY = YES;
				CLANG_WARN_ENUM_CONVERSION = YES;
				CLANG_WARN_INFINITE_RECURSION = YES;
				CLANG_WARN_INT_CONVERSION = YES;
				CLANG_WARN_NON_LITERAL_NULL_CONVERSION = YES;
				CLANG_WARN_OBJC_IMPLICIT_RETAIN_SELF = YES;
				CLANG_WARN_OBJC_LITERAL_CONVERSION = YES;
				CLANG_WARN_OBJC_ROOT_CLASS = YES_ERROR;
				CLANG_WARN_QUOTED_INCLUDE_IN_FRAMEWORK_HEADER = YES;
				CLANG_WARN_RANGE_LOOP_ANALYSIS = YES;
				CLANG_WARN_STRICT_PROTOTYPES = YES;
				CLANG_WARN_SUSPICIOUS_MOVE = YES;
				CLANG_WARN_UNGUARDED_AVAILABILITY = YES_AGGRESSIVE;
				CLANG_WARN_UNREACHABLE_CODE = YES;
				CLANG_WARN__DUPLICATE_METHOD_MATCH = YES;
				COPY_PHASE_STRIP = NO;
				DEBUG_INFORMATION_FORMAT = dwarf;
				ENABLE_STRICT_OBJC_MSGSEND = YES;
				ENABLE_TESTABILITY = YES;
				GCC_C_LANGUAGE_STANDARD = gnu11;
				GCC_DYNAMIC_NO_PIC = NO;
				GCC_NO_COMMON_BLOCKS = YES;
				GCC_OPTIMIZATION_LEVEL = 0;
				GCC_PREPROCESSOR_DEFINITIONS = (
					"DEBUG=1",
					"$(inherited)",
				);
				GCC_WARN_64_TO_32_BIT_CONVERSION = YES;
				GCC_WARN_ABOUT_RETURN_TYPE = YES_ERROR;
				GCC_WARN_UNDECLARED_SELECTOR = YES;
				GCC_WARN_UNINITIALIZED_AUTOS = YES_AGGRESSIVE;
				GCC_WARN_UNUSED_FUNCTION = YES;
				GCC_WARN_UNUSED_VARIABLE = YES;
				IPHONEOS_DEPLOYMENT_TARGET = 14.0;
				MTL_ENABLE_DEBUG_INFO = INCLUDE_SOURCE;
				MTL_FAST_MATH = YES;
				ONLY_ACTIVE_ARCH = YES;
				SDKROOT = iphoneos;
				SWIFT_ACTIVE_COMPILATION_CONDITIONS = DEBUG;
				SWIFT_OPTIMIZATION_LEVEL = "-Onone";
			};
			name = Debug;
		};
		E8F3BB1D27EA0AC7001AEDB2 /* Release */ = {
			isa = XCBuildConfiguration;
			buildSettings = {
				ALWAYS_SEARCH_USER_PATHS = NO;
				CLANG_ANALYZER_NONNULL = YES;
				CLANG_ANALYZER_NUMBER_OBJECT_CONVERSION = YES_AGGRESSIVE;
				CLANG_CXX_LANGUAGE_STANDARD = "gnu++17";
				CLANG_CXX_LIBRARY = "libc++";
				CLANG_ENABLE_MODULES = YES;
				CLANG_ENABLE_OBJC_ARC = YES;
				CLANG_ENABLE_OBJC_WEAK = YES;
				CLANG_WARN_BLOCK_CAPTURE_AUTORELEASING = YES;
				CLANG_WARN_BOOL_CONVERSION = YES;
				CLANG_WARN_COMMA = YES;
				CLANG_WARN_CONSTANT_CONVERSION = YES;
				CLANG_WARN_DEPRECATED_OBJC_IMPLEMENTATIONS = YES;
				CLANG_WARN_DIRECT_OBJC_ISA_USAGE = YES_ERROR;
				CLANG_WARN_DOCUMENTATION_COMMENTS = YES;
				CLANG_WARN_EMPTY_BODY = YES;
				CLANG_WARN_ENUM_CONVERSION = YES;
				CLANG_WARN_INFINITE_RECURSION = YES;
				CLANG_WARN_INT_CONVERSION = YES;
				CLANG_WARN_NON_LITERAL_NULL_CONVERSION = YES;
				CLANG_WARN_OBJC_IMPLICIT_RETAIN_SELF = YES;
				CLANG_WARN_OBJC_LITERAL_CONVERSION = YES;
				CLANG_WARN_OBJC_ROOT_CLASS = YES_ERROR;
				CLANG_WARN_QUOTED_INCLUDE_IN_FRAMEWORK_HEADER = YES;
				CLANG_WARN_RANGE_LOOP_ANALYSIS = YES;
				CLANG_WARN_STRICT_PROTOTYPES = YES;
				CLANG_WARN_SUSPICIOUS_MOVE = YES;
				CLANG_WARN_UNGUARDED_AVAILABILITY = YES_AGGRESSIVE;
				CLANG_WARN_UNREACHABLE_CODE = YES;
				CLANG_WARN__DUPLICATE_METHOD_MATCH = YES;
				COPY_PHASE_STRIP = NO;
				DEBUG_INFORMATION_FORMAT = "dwarf-with-dsym";
				ENABLE_NS_ASSERTIONS = NO;
				ENABLE_STRICT_OBJC_MSGSEND = YES;
				GCC_C_LANGUAGE_STANDARD = gnu11;
				GCC_NO_COMMON_BLOCKS = YES;
				GCC_WARN_64_TO_32_BIT_CONVERSION = YES;
				GCC_WARN_ABOUT_RETURN_TYPE = YES_ERROR;
				GCC_WARN_UNDECLARED_SELECTOR = YES;
				GCC_WARN_UNINITIALIZED_AUTOS = YES_AGGRESSIVE;
				GCC_WARN_UNUSED_FUNCTION = YES;
				GCC_WARN_UNUSED_VARIABLE = YES;
				IPHONEOS_DEPLOYMENT_TARGET = 14.0;
				MTL_ENABLE_DEBUG_INFO = NO;
				MTL_FAST_MATH = YES;
				SDKROOT = iphoneos;
				SWIFT_COMPILATION_MODE = wholemodule;
				SWIFT_OPTIMIZATION_LEVEL = "-O";
				VALIDATE_PRODUCT = YES;
			};
			name = Release;
		};
		E8F3BB1F27EA0AC7001AEDB2 /* Debug */ = {
			isa = XCBuildConfiguration;
			buildSettings = {
				ASSETCATALOG_COMPILER_APPICON_NAME = AppIcon;
				ASSETCATALOG_COMPILER_GLOBAL_ACCENT_COLOR_NAME = AccentColor;
				ASSETCATALOG_COMPILER_INCLUDE_ALL_APPICON_ASSETS = NO;
				CODE_SIGN_STYLE = Automatic;
				CURRENT_PROJECT_VERSION = 1;
				DEVELOPMENT_ASSET_PATHS = "\"SpeedcubeTimer/Preview Content\"";
				DEVELOPMENT_TEAM = S3P2JPKT5J;
				ENABLE_PREVIEWS = YES;
				GENERATE_INFOPLIST_FILE = YES;
				INFOPLIST_KEY_UIApplicationSceneManifest_Generation = YES;
				INFOPLIST_KEY_UIApplicationSupportsIndirectInputEvents = YES;
				INFOPLIST_KEY_UILaunchScreen_Generation = YES;
				INFOPLIST_KEY_UISupportedInterfaceOrientations = UIInterfaceOrientationPortrait;
				INFOPLIST_KEY_UISupportedInterfaceOrientations_iPad = "UIInterfaceOrientationPortrait UIInterfaceOrientationPortraitUpsideDown UIInterfaceOrientationLandscapeLeft UIInterfaceOrientationLandscapeRight";
				INFOPLIST_KEY_UISupportedInterfaceOrientations_iPhone = UIInterfaceOrientationPortrait;
				IPHONEOS_DEPLOYMENT_TARGET = 14.0;
				LD_RUNPATH_SEARCH_PATHS = (
					"$(inherited)",
					"@executable_path/Frameworks",
				);
				MARKETING_VERSION = 1.0;
				PRODUCT_BUNDLE_IDENTIFIER = com.SpeedcubeTimer;
				PRODUCT_NAME = "$(TARGET_NAME)";
				SWIFT_EMIT_LOC_STRINGS = YES;
				SWIFT_VERSION = 5.0;
				TARGETED_DEVICE_FAMILY = "1,2";
			};
			name = Debug;
		};
		E8F3BB2027EA0AC7001AEDB2 /* Release */ = {
			isa = XCBuildConfiguration;
			buildSettings = {
				ASSETCATALOG_COMPILER_APPICON_NAME = AppIcon;
				ASSETCATALOG_COMPILER_GLOBAL_ACCENT_COLOR_NAME = AccentColor;
				ASSETCATALOG_COMPILER_INCLUDE_ALL_APPICON_ASSETS = NO;
				CODE_SIGN_STYLE = Automatic;
				CURRENT_PROJECT_VERSION = 1;
				DEVELOPMENT_ASSET_PATHS = "\"SpeedcubeTimer/Preview Content\"";
				DEVELOPMENT_TEAM = S3P2JPKT5J;
				ENABLE_PREVIEWS = YES;
				GENERATE_INFOPLIST_FILE = YES;
				INFOPLIST_KEY_UIApplicationSceneManifest_Generation = YES;
				INFOPLIST_KEY_UIApplicationSupportsIndirectInputEvents = YES;
				INFOPLIST_KEY_UILaunchScreen_Generation = YES;
				INFOPLIST_KEY_UISupportedInterfaceOrientations = UIInterfaceOrientationPortrait;
				INFOPLIST_KEY_UISupportedInterfaceOrientations_iPad = "UIInterfaceOrientationPortrait UIInterfaceOrientationPortraitUpsideDown UIInterfaceOrientationLandscapeLeft UIInterfaceOrientationLandscapeRight";
				INFOPLIST_KEY_UISupportedInterfaceOrientations_iPhone = UIInterfaceOrientationPortrait;
				IPHONEOS_DEPLOYMENT_TARGET = 14.0;
				LD_RUNPATH_SEARCH_PATHS = (
					"$(inherited)",
					"@executable_path/Frameworks",
				);
				MARKETING_VERSION = 1.0;
				PRODUCT_BUNDLE_IDENTIFIER = com.SpeedcubeTimer;
				PRODUCT_NAME = "$(TARGET_NAME)";
				SWIFT_EMIT_LOC_STRINGS = YES;
				SWIFT_VERSION = 5.0;
				TARGETED_DEVICE_FAMILY = "1,2";
			};
			name = Release;
		};
		E8F3BB2227EA0AC7001AEDB2 /* Debug */ = {
			isa = XCBuildConfiguration;
			buildSettings = {
				ALWAYS_EMBED_SWIFT_STANDARD_LIBRARIES = YES;
				BUNDLE_LOADER = "$(TEST_HOST)";
				CODE_SIGN_STYLE = Automatic;
				CURRENT_PROJECT_VERSION = 1;
				DEVELOPMENT_TEAM = S3P2JPKT5J;
				GENERATE_INFOPLIST_FILE = YES;
				IPHONEOS_DEPLOYMENT_TARGET = 15.0;
				MARKETING_VERSION = 1.0;
				PRODUCT_BUNDLE_IDENTIFIER = com.SpeedcubeTimerTests;
				PRODUCT_NAME = "$(TARGET_NAME)";
				SWIFT_EMIT_LOC_STRINGS = NO;
				SWIFT_VERSION = 5.0;
				TARGETED_DEVICE_FAMILY = "1,2";
				TEST_HOST = "$(BUILT_PRODUCTS_DIR)/SpeedcubeTimer.app/SpeedcubeTimer";
			};
			name = Debug;
		};
		E8F3BB2327EA0AC7001AEDB2 /* Release */ = {
			isa = XCBuildConfiguration;
			buildSettings = {
				ALWAYS_EMBED_SWIFT_STANDARD_LIBRARIES = YES;
				BUNDLE_LOADER = "$(TEST_HOST)";
				CODE_SIGN_STYLE = Automatic;
				CURRENT_PROJECT_VERSION = 1;
				DEVELOPMENT_TEAM = S3P2JPKT5J;
				GENERATE_INFOPLIST_FILE = YES;
				IPHONEOS_DEPLOYMENT_TARGET = 15.0;
				MARKETING_VERSION = 1.0;
				PRODUCT_BUNDLE_IDENTIFIER = com.SpeedcubeTimerTests;
				PRODUCT_NAME = "$(TARGET_NAME)";
				SWIFT_EMIT_LOC_STRINGS = NO;
				SWIFT_VERSION = 5.0;
				TARGETED_DEVICE_FAMILY = "1,2";
				TEST_HOST = "$(BUILT_PRODUCTS_DIR)/SpeedcubeTimer.app/SpeedcubeTimer";
			};
			name = Release;
		};
		E8F3BB2527EA0AC7001AEDB2 /* Debug */ = {
			isa = XCBuildConfiguration;
			buildSettings = {
				ALWAYS_EMBED_SWIFT_STANDARD_LIBRARIES = YES;
				CODE_SIGN_STYLE = Automatic;
				CURRENT_PROJECT_VERSION = 1;
				DEVELOPMENT_TEAM = S3P2JPKT5J;
				GENERATE_INFOPLIST_FILE = YES;
				MARKETING_VERSION = 1.0;
				PRODUCT_BUNDLE_IDENTIFIER = com.SpeedcubeTimerUITests;
				PRODUCT_NAME = "$(TARGET_NAME)";
				SWIFT_EMIT_LOC_STRINGS = NO;
				SWIFT_VERSION = 5.0;
				TARGETED_DEVICE_FAMILY = "1,2";
				TEST_TARGET_NAME = SpeedcubeTimer;
			};
			name = Debug;
		};
		E8F3BB2627EA0AC7001AEDB2 /* Release */ = {
			isa = XCBuildConfiguration;
			buildSettings = {
				ALWAYS_EMBED_SWIFT_STANDARD_LIBRARIES = YES;
				CODE_SIGN_STYLE = Automatic;
				CURRENT_PROJECT_VERSION = 1;
				DEVELOPMENT_TEAM = S3P2JPKT5J;
				GENERATE_INFOPLIST_FILE = YES;
				MARKETING_VERSION = 1.0;
				PRODUCT_BUNDLE_IDENTIFIER = com.SpeedcubeTimerUITests;
				PRODUCT_NAME = "$(TARGET_NAME)";
				SWIFT_EMIT_LOC_STRINGS = NO;
				SWIFT_VERSION = 5.0;
				TARGETED_DEVICE_FAMILY = "1,2";
				TEST_TARGET_NAME = SpeedcubeTimer;
			};
			name = Release;
		};
/* End XCBuildConfiguration section */

/* Begin XCConfigurationList section */
		E8F3BAF527EA0AC6001AEDB2 /* Build configuration list for PBXProject "SpeedcubeTimer" */ = {
			isa = XCConfigurationList;
			buildConfigurations = (
				E8F3BB1C27EA0AC7001AEDB2 /* Debug */,
				E8F3BB1D27EA0AC7001AEDB2 /* Release */,
			);
			defaultConfigurationIsVisible = 0;
			defaultConfigurationName = Release;
		};
		E8F3BB1E27EA0AC7001AEDB2 /* Build configuration list for PBXNativeTarget "SpeedcubeTimer" */ = {
			isa = XCConfigurationList;
			buildConfigurations = (
				E8F3BB1F27EA0AC7001AEDB2 /* Debug */,
				E8F3BB2027EA0AC7001AEDB2 /* Release */,
			);
			defaultConfigurationIsVisible = 0;
			defaultConfigurationName = Release;
		};
		E8F3BB2127EA0AC7001AEDB2 /* Build configuration list for PBXNativeTarget "SpeedcubeTimerTests" */ = {
			isa = XCConfigurationList;
			buildConfigurations = (
				E8F3BB2227EA0AC7001AEDB2 /* Debug */,
				E8F3BB2327EA0AC7001AEDB2 /* Release */,
			);
			defaultConfigurationIsVisible = 0;
			defaultConfigurationName = Release;
		};
		E8F3BB2427EA0AC7001AEDB2 /* Build configuration list for PBXNativeTarget "SpeedcubeTimerUITests" */ = {
			isa = XCConfigurationList;
			buildConfigurations = (
				E8F3BB2527EA0AC7001AEDB2 /* Debug */,
				E8F3BB2627EA0AC7001AEDB2 /* Release */,
			);
			defaultConfigurationIsVisible = 0;
			defaultConfigurationName = Release;
		};
/* End XCConfigurationList section */

/* Begin XCRemoteSwiftPackageReference section */
		E701172B29096F1B00BD1D6E /* XCRemoteSwiftPackageReference "swift-composable-architecture" */ = {
			isa = XCRemoteSwiftPackageReference;
			repositoryURL = "https://github.com/pointfreeco/swift-composable-architecture";
			requirement = {
				kind = exactVersion;
				version = 0.50.1;
			};
		};
		E78BBC9E29B6577F00CCFFD3 /* XCRemoteSwiftPackageReference "swift-collections" */ = {
			isa = XCRemoteSwiftPackageReference;
			repositoryURL = "https://github.com/apple/swift-collections.git";
			requirement = {
				kind = exactVersion;
				version = 1.0.4;
			};
		};
/* End XCRemoteSwiftPackageReference section */

/* Begin XCSwiftPackageProductDependency section */
		E701172C29096F1B00BD1D6E /* ComposableArchitecture */ = {
			isa = XCSwiftPackageProductDependency;
			package = E701172B29096F1B00BD1D6E /* XCRemoteSwiftPackageReference "swift-composable-architecture" */;
			productName = ComposableArchitecture;
		};
		E78BBC9F29B6577F00CCFFD3 /* Collections */ = {
			isa = XCSwiftPackageProductDependency;
			package = E78BBC9E29B6577F00CCFFD3 /* XCRemoteSwiftPackageReference "swift-collections" */;
			productName = Collections;
		};
/* End XCSwiftPackageProductDependency section */

/* Begin XCVersionGroup section */
		E7340F7A28D8FA5500270680 /* SpeedcubeTimer.xcdatamodeld */ = {
			isa = XCVersionGroup;
			children = (
				E7340F7B28D8FA5500270680 /* SpeedcubeTimer.xcdatamodel */,
			);
			currentVersion = E7340F7B28D8FA5500270680 /* SpeedcubeTimer.xcdatamodel */;
			path = SpeedcubeTimer.xcdatamodeld;
			sourceTree = "<group>";
			versionGroupType = wrapper.xcdatamodel;
		};
/* End XCVersionGroup section */
	};
	rootObject = E8F3BAF227EA0AC6001AEDB2 /* Project object */;
}
